// !$*UTF8*$!
{
	archiveVersion = 1;
	classes = {
	};
	objectVersion = 52;
	objects = {

/* Begin PBXBuildFile section */
		E438EF4225B5E22A005AB9D9 /* ShiftImages.swift in Sources */ = {isa = PBXBuildFile; fileRef = E438EF4125B5E22A005AB9D9 /* ShiftImages.swift */; };
		E438EF4525B5E3F8005AB9D9 /* ShiftsView.swift in Sources */ = {isa = PBXBuildFile; fileRef = E438EF4425B5E3F7005AB9D9 /* ShiftsView.swift */; };
		E438EF4825B5E533005AB9D9 /* ShiftView.swift in Sources */ = {isa = PBXBuildFile; fileRef = E438EF4725B5E533005AB9D9 /* ShiftView.swift */; };
		E43CCBB725B0338C001A0FF5 /* Kingfisher in Frameworks */ = {isa = PBXBuildFile; productRef = E43CCBB625B0338C001A0FF5 /* Kingfisher */; };
		E43E12C525C995C7008A0FE6 /* FailedToLoadView.swift in Sources */ = {isa = PBXBuildFile; fileRef = E43E12C425C995C7008A0FE6 /* FailedToLoadView.swift */; };
		E43E136A25C9A3BA008A0FE6 /* Intents.framework in Frameworks */ = {isa = PBXBuildFile; fileRef = E43E136925C9A3BA008A0FE6 /* Intents.framework */; };
		E43E136D25C9A3BA008A0FE6 /* IntentHandler.swift in Sources */ = {isa = PBXBuildFile; fileRef = E43E136C25C9A3BA008A0FE6 /* IntentHandler.swift */; };
		E43E137525C9A3BA008A0FE6 /* IntentsUI.framework in Frameworks */ = {isa = PBXBuildFile; fileRef = E43E137425C9A3BA008A0FE6 /* IntentsUI.framework */; };
		E43E137825C9A3BA008A0FE6 /* IntentViewController.swift in Sources */ = {isa = PBXBuildFile; fileRef = E43E137725C9A3BA008A0FE6 /* IntentViewController.swift */; };
		E43E137B25C9A3BA008A0FE6 /* MainInterface.storyboard in Resources */ = {isa = PBXBuildFile; fileRef = E43E137925C9A3BA008A0FE6 /* MainInterface.storyboard */; };
		E43E137F25C9A3BA008A0FE6 /* IkachanIntentsUI.appex in Embed App Extensions */ = {isa = PBXBuildFile; fileRef = E43E137325C9A3BA008A0FE6 /* IkachanIntentsUI.appex */; settings = {ATTRIBUTES = (RemoveHeadersOnCopy, ); }; };
		E43E138225C9A3BA008A0FE6 /* IkachanIntents.appex in Embed App Extensions */ = {isa = PBXBuildFile; fileRef = E43E136825C9A3BA008A0FE6 /* IkachanIntents.appex */; settings = {ATTRIBUTES = (RemoveHeadersOnCopy, ); }; };
		E4400F0B25CC6D9500BF94C6 /* Assets.xcassets in Resources */ = {isa = PBXBuildFile; fileRef = E4400F0A25CC6D9500BF94C6 /* Assets.xcassets */; };
		E4400F2825CD010A00BF94C6 /* ScheduleIntentHandler.swift in Sources */ = {isa = PBXBuildFile; fileRef = E4613F8F25C9AFD100561D53 /* ScheduleIntentHandler.swift */; };
		E4400F2925CD010A00BF94C6 /* ShiftIntentHandler.swift in Sources */ = {isa = PBXBuildFile; fileRef = E4613F9C25C9AFF700561D53 /* ShiftIntentHandler.swift */; };
		E4400F2E25CD011500BF94C6 /* IntentHandler.swift in Sources */ = {isa = PBXBuildFile; fileRef = E43E136C25C9A3BA008A0FE6 /* IntentHandler.swift */; };
		E4400F3325CD012C00BF94C6 /* IntentHandler.swift in Sources */ = {isa = PBXBuildFile; fileRef = E43E136C25C9A3BA008A0FE6 /* IntentHandler.swift */; };
		E4400F3425CD012C00BF94C6 /* ScheduleIntentHandler.swift in Sources */ = {isa = PBXBuildFile; fileRef = E4613F8F25C9AFD100561D53 /* ScheduleIntentHandler.swift */; };
		E4400F3525CD012C00BF94C6 /* ShiftIntentHandler.swift in Sources */ = {isa = PBXBuildFile; fileRef = E4613F9C25C9AFF700561D53 /* ShiftIntentHandler.swift */; };
		E4400F3B25CD03F900BF94C6 /* Splatoon2Ink.swift in Sources */ = {isa = PBXBuildFile; fileRef = E4400F3A25CD03F900BF94C6 /* Splatoon2Ink.swift */; };
		E4400F4925CD069A00BF94C6 /* Splatoon2Ink.swift in Sources */ = {isa = PBXBuildFile; fileRef = E4400F3A25CD03F900BF94C6 /* Splatoon2Ink.swift */; };
		E4400F4E25CD069B00BF94C6 /* Splatoon2Ink.swift in Sources */ = {isa = PBXBuildFile; fileRef = E4400F3A25CD03F900BF94C6 /* Splatoon2Ink.swift */; };
		E4405D7B25AF64D2002EF1AB /* IkachanApp.swift in Sources */ = {isa = PBXBuildFile; fileRef = E4405D7A25AF64D2002EF1AB /* IkachanApp.swift */; };
		E4405D7D25AF64D2002EF1AB /* ContentView.swift in Sources */ = {isa = PBXBuildFile; fileRef = E4405D7C25AF64D2002EF1AB /* ContentView.swift */; };
		E4405D7F25AF64D6002EF1AB /* Assets.xcassets in Resources */ = {isa = PBXBuildFile; fileRef = E4405D7E25AF64D6002EF1AB /* Assets.xcassets */; };
		E4405D8225AF64D6002EF1AB /* Preview Assets.xcassets in Resources */ = {isa = PBXBuildFile; fileRef = E4405D8125AF64D6002EF1AB /* Preview Assets.xcassets */; };
		E4444ECD25BF147F0003A676 /* WidgetKit.framework in Frameworks */ = {isa = PBXBuildFile; fileRef = E46B507025B9C2AC001F88CE /* WidgetKit.framework */; };
		E4444ECE25BF147F0003A676 /* SwiftUI.framework in Frameworks */ = {isa = PBXBuildFile; fileRef = E46B507225B9C2AC001F88CE /* SwiftUI.framework */; };
		E4444EDA25BF14820003A676 /* IkachanWidgetExtension.appex in Embed App Extensions */ = {isa = PBXBuildFile; fileRef = E4444ECC25BF147F0003A676 /* IkachanWidgetExtension.appex */; settings = {ATTRIBUTES = (RemoveHeadersOnCopy, ); }; };
		E4444EE125BF148D0003A676 /* Date.swift in Sources */ = {isa = PBXBuildFile; fileRef = E468B7B425B46080001254FE /* Date.swift */; };
		E4444EED25BF149B0003A676 /* Constant.swift in Sources */ = {isa = PBXBuildFile; fileRef = E468B7AC25B34AFC001254FE /* Constant.swift */; };
		E4444EEF25BF149B0003A676 /* Shift.swift in Sources */ = {isa = PBXBuildFile; fileRef = E477990925B2029C00F8AE9F /* Shift.swift */; };
		E4444EF025BF149B0003A676 /* Schedule.swift in Sources */ = {isa = PBXBuildFile; fileRef = E477990125B1F1F600F8AE9F /* Schedule.swift */; };
		E4444EF125BF149B0003A676 /* Weapon.swift in Sources */ = {isa = PBXBuildFile; fileRef = E477990C25B203F900F8AE9F /* Weapon.swift */; };
		E4444EF525BF14A50003A676 /* MediumScheduleView.swift in Sources */ = {isa = PBXBuildFile; fileRef = E46B506725B9BBA6001F88CE /* MediumScheduleView.swift */; };
		E4444EF625BF14A50003A676 /* SmallDayView.swift in Sources */ = {isa = PBXBuildFile; fileRef = E4B1145925BD515F00303542 /* SmallDayView.swift */; };
		E4444EF725BF14A50003A676 /* SmallScheduleView.swift in Sources */ = {isa = PBXBuildFile; fileRef = E46B506425B8959A001F88CE /* SmallScheduleView.swift */; };
		E4444EF825BF14A50003A676 /* MediumShiftView.swift in Sources */ = {isa = PBXBuildFile; fileRef = E4B1144A25BD1E7A00303542 /* MediumShiftView.swift */; };
		E4444EFC25BF14B50003A676 /* Localizable.strings in Resources */ = {isa = PBXBuildFile; fileRef = E4C7A2C225B7395500E26B20 /* Localizable.strings */; };
		E4444F0725BF14D10003A676 /* IkachanWidgetBundle.swift in Sources */ = {isa = PBXBuildFile; fileRef = E4B1145325BD4CA400303542 /* IkachanWidgetBundle.swift */; };
		E4444F1125BF14F60003A676 /* DayWidget.swift in Sources */ = {isa = PBXBuildFile; fileRef = E4B1145E25BD5AC600303542 /* DayWidget.swift */; };
		E4444F1825BF14FB0003A676 /* ScheduleWidget.swift in Sources */ = {isa = PBXBuildFile; fileRef = E46B507525B9C2AC001F88CE /* ScheduleWidget.swift */; };
		E4444F2325BF15090003A676 /* ShiftWidget.swift in Sources */ = {isa = PBXBuildFile; fileRef = E4B1144F25BD43B400303542 /* ShiftWidget.swift */; };
		E4444F3225BF155B0003A676 /* Kingfisher in Frameworks */ = {isa = PBXBuildFile; productRef = E4444F3125BF155B0003A676 /* Kingfisher */; };
		E4444F3425BF155B0003A676 /* SwiftyJSON in Frameworks */ = {isa = PBXBuildFile; productRef = E4444F3325BF155B0003A676 /* SwiftyJSON */; };
		E445761E25CE99AE004AA74D /* ShrineView.swift in Sources */ = {isa = PBXBuildFile; fileRef = E445761D25CE99AE004AA74D /* ShrineView.swift */; };
		E445762425CE9B70004AA74D /* Fortune.swift in Sources */ = {isa = PBXBuildFile; fileRef = E445762325CE9B70004AA74D /* Fortune.swift */; };
		E445762A25CEF5A9004AA74D /* SmallShiftView.swift in Sources */ = {isa = PBXBuildFile; fileRef = E445762925CEF5A9004AA74D /* SmallShiftView.swift */; };
		E4613F0225C9A70C00561D53 /* Shift.swift in Sources */ = {isa = PBXBuildFile; fileRef = E477990925B2029C00F8AE9F /* Shift.swift */; };
		E4613F0325C9A70C00561D53 /* Schedule.swift in Sources */ = {isa = PBXBuildFile; fileRef = E477990125B1F1F600F8AE9F /* Schedule.swift */; };
		E4613F0825C9A70C00561D53 /* Shift.swift in Sources */ = {isa = PBXBuildFile; fileRef = E477990925B2029C00F8AE9F /* Shift.swift */; };
		E4613F0925C9A70D00561D53 /* Schedule.swift in Sources */ = {isa = PBXBuildFile; fileRef = E477990125B1F1F600F8AE9F /* Schedule.swift */; };
		E4613F1625C9A96500561D53 /* Weapon.swift in Sources */ = {isa = PBXBuildFile; fileRef = E477990C25B203F900F8AE9F /* Weapon.swift */; };
		E4613F1B25C9A96600561D53 /* Weapon.swift in Sources */ = {isa = PBXBuildFile; fileRef = E477990C25B203F900F8AE9F /* Weapon.swift */; };
		E4613F2025C9A97A00561D53 /* Constant.swift in Sources */ = {isa = PBXBuildFile; fileRef = E468B7AC25B34AFC001254FE /* Constant.swift */; };
		E4613F2525C9A97A00561D53 /* Constant.swift in Sources */ = {isa = PBXBuildFile; fileRef = E468B7AC25B34AFC001254FE /* Constant.swift */; };
		E4613F3F25C9AC5500561D53 /* SwiftyJSON in Frameworks */ = {isa = PBXBuildFile; productRef = E4613F3E25C9AC5500561D53 /* SwiftyJSON */; };
		E4613F4525C9AC5E00561D53 /* Kingfisher in Frameworks */ = {isa = PBXBuildFile; productRef = E4613F4425C9AC5E00561D53 /* Kingfisher */; };
		E4613F4C25C9ACA900561D53 /* Color.swift in Sources */ = {isa = PBXBuildFile; fileRef = E4E13CE225C7DBB100150544 /* Color.swift */; };
		E4613F4E25C9ACA900561D53 /* Date.swift in Sources */ = {isa = PBXBuildFile; fileRef = E468B7B425B46080001254FE /* Date.swift */; };
		E4613F5425C9ACA900561D53 /* Color.swift in Sources */ = {isa = PBXBuildFile; fileRef = E4E13CE225C7DBB100150544 /* Color.swift */; };
		E4613F5625C9ACA900561D53 /* Date.swift in Sources */ = {isa = PBXBuildFile; fileRef = E468B7B425B46080001254FE /* Date.swift */; };
		E4613F6225C9ACB100561D53 /* Localizable.strings in Resources */ = {isa = PBXBuildFile; fileRef = E4C7A2C225B7395500E26B20 /* Localizable.strings */; };
		E4613F6725C9ACB100561D53 /* Localizable.strings in Resources */ = {isa = PBXBuildFile; fileRef = E4C7A2C225B7395500E26B20 /* Localizable.strings */; };
		E4613F9225C9AFD100561D53 /* ScheduleIntentHandler.swift in Sources */ = {isa = PBXBuildFile; fileRef = E4613F8F25C9AFD100561D53 /* ScheduleIntentHandler.swift */; };
		E4613F9F25C9AFF700561D53 /* ShiftIntentHandler.swift in Sources */ = {isa = PBXBuildFile; fileRef = E4613F9C25C9AFF700561D53 /* ShiftIntentHandler.swift */; };
		E4613FB525C9B62000561D53 /* IkachanIntents.intentdefinition in Sources */ = {isa = PBXBuildFile; fileRef = E4613FBA25C9B62000561D53 /* IkachanIntents.intentdefinition */; };
		E4613FB625C9B62000561D53 /* IkachanIntents.intentdefinition in Sources */ = {isa = PBXBuildFile; fileRef = E4613FBA25C9B62000561D53 /* IkachanIntents.intentdefinition */; };
		E4613FB725C9B62000561D53 /* IkachanIntents.intentdefinition in Sources */ = {isa = PBXBuildFile; fileRef = E4613FBA25C9B62000561D53 /* IkachanIntents.intentdefinition */; };
		E4613FB825C9B62000561D53 /* IkachanIntents.intentdefinition in Sources */ = {isa = PBXBuildFile; fileRef = E4613FBA25C9B62000561D53 /* IkachanIntents.intentdefinition */; };
		E461405925C9C93B00561D53 /* LocalizedStringKey.swift in Sources */ = {isa = PBXBuildFile; fileRef = E461405825C9C93B00561D53 /* LocalizedStringKey.swift */; };
		E461405A25C9C93B00561D53 /* LocalizedStringKey.swift in Sources */ = {isa = PBXBuildFile; fileRef = E461405825C9C93B00561D53 /* LocalizedStringKey.swift */; };
		E461405B25C9C93B00561D53 /* LocalizedStringKey.swift in Sources */ = {isa = PBXBuildFile; fileRef = E461405825C9C93B00561D53 /* LocalizedStringKey.swift */; };
		E461405C25C9C93B00561D53 /* LocalizedStringKey.swift in Sources */ = {isa = PBXBuildFile; fileRef = E461405825C9C93B00561D53 /* LocalizedStringKey.swift */; };
		E461414025CA880500561D53 /* String.swift in Sources */ = {isa = PBXBuildFile; fileRef = E461413F25CA880500561D53 /* String.swift */; };
		E461414125CA880500561D53 /* String.swift in Sources */ = {isa = PBXBuildFile; fileRef = E461413F25CA880500561D53 /* String.swift */; };
		E461414225CA880500561D53 /* String.swift in Sources */ = {isa = PBXBuildFile; fileRef = E461413F25CA880500561D53 /* String.swift */; };
		E461414325CA880500561D53 /* String.swift in Sources */ = {isa = PBXBuildFile; fileRef = E461413F25CA880500561D53 /* String.swift */; };
		E46141A225CADF5600561D53 /* ShiftImages.swift in Sources */ = {isa = PBXBuildFile; fileRef = E438EF4125B5E22A005AB9D9 /* ShiftImages.swift */; };
		E46141A325CADF5600561D53 /* ScheduleImages.swift in Sources */ = {isa = PBXBuildFile; fileRef = E4E60D8225B5C9280039A6E6 /* ScheduleImages.swift */; };
		E46141A425CADF5600561D53 /* ShiftView.swift in Sources */ = {isa = PBXBuildFile; fileRef = E438EF4725B5E533005AB9D9 /* ShiftView.swift */; };
		E46141A525CADF5600561D53 /* ScheduleView.swift in Sources */ = {isa = PBXBuildFile; fileRef = E4E60D8525B5C9DF0039A6E6 /* ScheduleView.swift */; };
		E468B7A325B282F5001254FE /* ModelData.swift in Sources */ = {isa = PBXBuildFile; fileRef = E468B7A225B282F5001254FE /* ModelData.swift */; };
		E468B7AD25B34AFC001254FE /* Constant.swift in Sources */ = {isa = PBXBuildFile; fileRef = E468B7AC25B34AFC001254FE /* Constant.swift */; };
		E468B7B525B46080001254FE /* Date.swift in Sources */ = {isa = PBXBuildFile; fileRef = E468B7B425B46080001254FE /* Date.swift */; };
		E46B510325BB1E3E001F88CE /* AboutView.swift in Sources */ = {isa = PBXBuildFile; fileRef = E46B510225BB1E3E001F88CE /* AboutView.swift */; };
		E46B512C25BB30C7001F88CE /* LICENSE.SwiftyJSON.md in Resources */ = {isa = PBXBuildFile; fileRef = E46B512A25BB30C7001F88CE /* LICENSE.SwiftyJSON.md */; };
		E46B512D25BB30C7001F88CE /* LICENSE.Kingfisher.md in Resources */ = {isa = PBXBuildFile; fileRef = E46B512B25BB30C7001F88CE /* LICENSE.Kingfisher.md */; };
		E46B513325BB341D001F88CE /* URL.swift in Sources */ = {isa = PBXBuildFile; fileRef = E46B513225BB341D001F88CE /* URL.swift */; };
		E4703BC725B8722E0093781B /* Impact.swift in Sources */ = {isa = PBXBuildFile; fileRef = E4703BC625B8722E0093781B /* Impact.swift */; };
		E477990225B1F1F600F8AE9F /* Schedule.swift in Sources */ = {isa = PBXBuildFile; fileRef = E477990125B1F1F600F8AE9F /* Schedule.swift */; };
		E477990725B1F62500F8AE9F /* SwiftyJSON in Frameworks */ = {isa = PBXBuildFile; productRef = E477990625B1F62500F8AE9F /* SwiftyJSON */; };
		E477990A25B2029C00F8AE9F /* Shift.swift in Sources */ = {isa = PBXBuildFile; fileRef = E477990925B2029C00F8AE9F /* Shift.swift */; };
		E477990D25B203F900F8AE9F /* Weapon.swift in Sources */ = {isa = PBXBuildFile; fileRef = E477990C25B203F900F8AE9F /* Weapon.swift */; };
		E484FDC725C94694006E748F /* Assets.xcassets in Resources */ = {isa = PBXBuildFile; fileRef = E4444F3725BF164C0003A676 /* Assets.xcassets */; };
		E484FDCE25C946C9006E748F /* InfoPlist.strings in Resources */ = {isa = PBXBuildFile; fileRef = E46B514C25BB46C5001F88CE /* InfoPlist.strings */; };
		E48BECC025CD31F100B301D1 /* Collection.swift in Sources */ = {isa = PBXBuildFile; fileRef = E48BECBF25CD31F100B301D1 /* Collection.swift */; };
		E48BECC125CD31F100B301D1 /* Collection.swift in Sources */ = {isa = PBXBuildFile; fileRef = E48BECBF25CD31F100B301D1 /* Collection.swift */; };
		E48BECC225CD31F200B301D1 /* Collection.swift in Sources */ = {isa = PBXBuildFile; fileRef = E48BECBF25CD31F100B301D1 /* Collection.swift */; };
		E48BECC325CD31F200B301D1 /* Collection.swift in Sources */ = {isa = PBXBuildFile; fileRef = E48BECBF25CD31F100B301D1 /* Collection.swift */; };
		E4C7A2C025B7395500E26B20 /* Localizable.strings in Resources */ = {isa = PBXBuildFile; fileRef = E4C7A2C225B7395500E26B20 /* Localizable.strings */; };
		E4C98CFC25C98099006940E9 /* Image.swift in Sources */ = {isa = PBXBuildFile; fileRef = E4C98CFA25C98099006940E9 /* Image.swift */; };
		E4D8F02B25D02A460064B40A /* ichi.png in Resources */ = {isa = PBXBuildFile; fileRef = E4D8F02525D02A450064B40A /* ichi.png */; };
		E4D8F02C25D02A460064B40A /* ichi@2x.png in Resources */ = {isa = PBXBuildFile; fileRef = E4D8F02625D02A450064B40A /* ichi@2x.png */; };
		E4D8F02E25D02A460064B40A /* ichi@3x.png in Resources */ = {isa = PBXBuildFile; fileRef = E4D8F02825D02A450064B40A /* ichi@3x.png */; };
		E4E13CE325C7DBB100150544 /* Color.swift in Sources */ = {isa = PBXBuildFile; fileRef = E4E13CE225C7DBB100150544 /* Color.swift */; };
		E4E13CE425C7DBB100150544 /* Color.swift in Sources */ = {isa = PBXBuildFile; fileRef = E4E13CE225C7DBB100150544 /* Color.swift */; };
		E4E60D8325B5C9280039A6E6 /* ScheduleImages.swift in Sources */ = {isa = PBXBuildFile; fileRef = E4E60D8225B5C9280039A6E6 /* ScheduleImages.swift */; };
		E4E60D8625B5C9DF0039A6E6 /* ScheduleView.swift in Sources */ = {isa = PBXBuildFile; fileRef = E4E60D8525B5C9DF0039A6E6 /* ScheduleView.swift */; };
		E4E60D8925B5CBC80039A6E6 /* SchedulesView.swift in Sources */ = {isa = PBXBuildFile; fileRef = E4E60D8825B5CBC80039A6E6 /* SchedulesView.swift */; };
/* End PBXBuildFile section */

/* Begin PBXContainerItemProxy section */
		E43E137D25C9A3BA008A0FE6 /* PBXContainerItemProxy */ = {
			isa = PBXContainerItemProxy;
			containerPortal = E4405D6F25AF64D2002EF1AB /* Project object */;
			proxyType = 1;
			remoteGlobalIDString = E43E137225C9A3BA008A0FE6;
			remoteInfo = IkachanIntentsUI;
		};
		E43E138025C9A3BA008A0FE6 /* PBXContainerItemProxy */ = {
			isa = PBXContainerItemProxy;
			containerPortal = E4405D6F25AF64D2002EF1AB /* Project object */;
			proxyType = 1;
			remoteGlobalIDString = E43E136725C9A3BA008A0FE6;
			remoteInfo = IkachanIntents;
		};
		E4444ED825BF14820003A676 /* PBXContainerItemProxy */ = {
			isa = PBXContainerItemProxy;
			containerPortal = E4405D6F25AF64D2002EF1AB /* Project object */;
			proxyType = 1;
			remoteGlobalIDString = E4444ECB25BF147F0003A676;
			remoteInfo = IkachanWidgetExtension;
		};
/* End PBXContainerItemProxy section */

/* Begin PBXCopyFilesBuildPhase section */
		E46B508325B9C2B1001F88CE /* Embed App Extensions */ = {
			isa = PBXCopyFilesBuildPhase;
			buildActionMask = 2147483647;
			dstPath = "";
			dstSubfolderSpec = 13;
			files = (
				E43E137F25C9A3BA008A0FE6 /* IkachanIntentsUI.appex in Embed App Extensions */,
				E43E138225C9A3BA008A0FE6 /* IkachanIntents.appex in Embed App Extensions */,
				E4444EDA25BF14820003A676 /* IkachanWidgetExtension.appex in Embed App Extensions */,
			);
			name = "Embed App Extensions";
			runOnlyForDeploymentPostprocessing = 0;
		};
/* End PBXCopyFilesBuildPhase section */

/* Begin PBXFileReference section */
		E406EF8D25C8576300683DBD /* zh-Hans */ = {isa = PBXFileReference; lastKnownFileType = text.plist.strings; name = "zh-Hans"; path = "zh-Hans.lproj/InfoPlist.strings"; sourceTree = "<group>"; };
		E438EF4125B5E22A005AB9D9 /* ShiftImages.swift */ = {isa = PBXFileReference; lastKnownFileType = sourcecode.swift; path = ShiftImages.swift; sourceTree = "<group>"; };
		E438EF4425B5E3F7005AB9D9 /* ShiftsView.swift */ = {isa = PBXFileReference; lastKnownFileType = sourcecode.swift; path = ShiftsView.swift; sourceTree = "<group>"; };
		E438EF4725B5E533005AB9D9 /* ShiftView.swift */ = {isa = PBXFileReference; lastKnownFileType = sourcecode.swift; path = ShiftView.swift; sourceTree = "<group>"; };
		E43D3F5725BBC75600D944A1 /* README.md */ = {isa = PBXFileReference; lastKnownFileType = net.daringfireball.markdown; path = README.md; sourceTree = "<group>"; };
		E43D3F5825BBC7E700D944A1 /* LICENSE */ = {isa = PBXFileReference; lastKnownFileType = text; path = LICENSE; sourceTree = "<group>"; };
		E43E12C425C995C7008A0FE6 /* FailedToLoadView.swift */ = {isa = PBXFileReference; lastKnownFileType = sourcecode.swift; path = FailedToLoadView.swift; sourceTree = "<group>"; };
		E43E136325C9A398008A0FE6 /* Ikachan.entitlements */ = {isa = PBXFileReference; lastKnownFileType = text.plist.entitlements; path = Ikachan.entitlements; sourceTree = "<group>"; };
		E43E136825C9A3BA008A0FE6 /* IkachanIntents.appex */ = {isa = PBXFileReference; explicitFileType = "wrapper.app-extension"; includeInIndex = 0; path = IkachanIntents.appex; sourceTree = BUILT_PRODUCTS_DIR; };
		E43E136925C9A3BA008A0FE6 /* Intents.framework */ = {isa = PBXFileReference; lastKnownFileType = wrapper.framework; name = Intents.framework; path = System/Library/Frameworks/Intents.framework; sourceTree = SDKROOT; };
		E43E136C25C9A3BA008A0FE6 /* IntentHandler.swift */ = {isa = PBXFileReference; lastKnownFileType = sourcecode.swift; path = IntentHandler.swift; sourceTree = "<group>"; };
		E43E136E25C9A3BA008A0FE6 /* Info.plist */ = {isa = PBXFileReference; lastKnownFileType = text.plist.xml; path = Info.plist; sourceTree = "<group>"; };
		E43E137325C9A3BA008A0FE6 /* IkachanIntentsUI.appex */ = {isa = PBXFileReference; explicitFileType = "wrapper.app-extension"; includeInIndex = 0; path = IkachanIntentsUI.appex; sourceTree = BUILT_PRODUCTS_DIR; };
		E43E137425C9A3BA008A0FE6 /* IntentsUI.framework */ = {isa = PBXFileReference; lastKnownFileType = wrapper.framework; name = IntentsUI.framework; path = System/Library/Frameworks/IntentsUI.framework; sourceTree = SDKROOT; };
		E43E137725C9A3BA008A0FE6 /* IntentViewController.swift */ = {isa = PBXFileReference; lastKnownFileType = sourcecode.swift; path = IntentViewController.swift; sourceTree = "<group>"; };
		E43E137A25C9A3BA008A0FE6 /* Base */ = {isa = PBXFileReference; lastKnownFileType = file.storyboard; name = Base; path = Base.lproj/MainInterface.storyboard; sourceTree = "<group>"; };
		E43E137C25C9A3BA008A0FE6 /* Info.plist */ = {isa = PBXFileReference; lastKnownFileType = text.plist.xml; path = Info.plist; sourceTree = "<group>"; };
		E43E139A25C9A3E6008A0FE6 /* IkachanIntents.entitlements */ = {isa = PBXFileReference; lastKnownFileType = text.plist.entitlements; path = IkachanIntents.entitlements; sourceTree = "<group>"; };
		E4400F0A25CC6D9500BF94C6 /* Assets.xcassets */ = {isa = PBXFileReference; lastKnownFileType = folder.assetcatalog; path = Assets.xcassets; sourceTree = "<group>"; };
		E4400F3A25CD03F900BF94C6 /* Splatoon2Ink.swift */ = {isa = PBXFileReference; lastKnownFileType = sourcecode.swift; path = Splatoon2Ink.swift; sourceTree = "<group>"; };
		E4405D7725AF64D2002EF1AB /* Ikachan.app */ = {isa = PBXFileReference; explicitFileType = wrapper.application; includeInIndex = 0; path = Ikachan.app; sourceTree = BUILT_PRODUCTS_DIR; };
		E4405D7A25AF64D2002EF1AB /* IkachanApp.swift */ = {isa = PBXFileReference; lastKnownFileType = sourcecode.swift; path = IkachanApp.swift; sourceTree = "<group>"; };
		E4405D7C25AF64D2002EF1AB /* ContentView.swift */ = {isa = PBXFileReference; lastKnownFileType = sourcecode.swift; path = ContentView.swift; sourceTree = "<group>"; };
		E4405D7E25AF64D6002EF1AB /* Assets.xcassets */ = {isa = PBXFileReference; lastKnownFileType = folder.assetcatalog; path = Assets.xcassets; sourceTree = "<group>"; };
		E4405D8125AF64D6002EF1AB /* Preview Assets.xcassets */ = {isa = PBXFileReference; lastKnownFileType = folder.assetcatalog; path = "Preview Assets.xcassets"; sourceTree = "<group>"; };
		E4405D8325AF64D6002EF1AB /* Info.plist */ = {isa = PBXFileReference; lastKnownFileType = text.plist.xml; path = Info.plist; sourceTree = "<group>"; };
		E4444ECC25BF147F0003A676 /* IkachanWidgetExtension.appex */ = {isa = PBXFileReference; explicitFileType = "wrapper.app-extension"; includeInIndex = 0; path = IkachanWidgetExtension.appex; sourceTree = BUILT_PRODUCTS_DIR; };
		E4444ED525BF14820003A676 /* Info.plist */ = {isa = PBXFileReference; lastKnownFileType = text.plist.xml; path = Info.plist; sourceTree = "<group>"; };
		E4444F3725BF164C0003A676 /* Assets.xcassets */ = {isa = PBXFileReference; lastKnownFileType = folder.assetcatalog; path = Assets.xcassets; sourceTree = "<group>"; };
		E445761D25CE99AE004AA74D /* ShrineView.swift */ = {isa = PBXFileReference; lastKnownFileType = sourcecode.swift; path = ShrineView.swift; sourceTree = "<group>"; };
		E445762325CE9B70004AA74D /* Fortune.swift */ = {isa = PBXFileReference; lastKnownFileType = sourcecode.swift; path = Fortune.swift; sourceTree = "<group>"; };
		E445762925CEF5A9004AA74D /* SmallShiftView.swift */ = {isa = PBXFileReference; lastKnownFileType = sourcecode.swift; path = SmallShiftView.swift; sourceTree = "<group>"; };
		E4613F8F25C9AFD100561D53 /* ScheduleIntentHandler.swift */ = {isa = PBXFileReference; lastKnownFileType = sourcecode.swift; path = ScheduleIntentHandler.swift; sourceTree = "<group>"; };
		E4613F9C25C9AFF700561D53 /* ShiftIntentHandler.swift */ = {isa = PBXFileReference; lastKnownFileType = sourcecode.swift; path = ShiftIntentHandler.swift; sourceTree = "<group>"; };
		E4613FB925C9B62000561D53 /* Base */ = {isa = PBXFileReference; lastKnownFileType = file.intentdefinition; name = Base; path = Base.lproj/IkachanIntents.intentdefinition; sourceTree = "<group>"; };
		E461405825C9C93B00561D53 /* LocalizedStringKey.swift */ = {isa = PBXFileReference; lastKnownFileType = sourcecode.swift; path = LocalizedStringKey.swift; sourceTree = "<group>"; };
		E461413F25CA880500561D53 /* String.swift */ = {isa = PBXFileReference; lastKnownFileType = sourcecode.swift; path = String.swift; sourceTree = "<group>"; };
		E46141AA25CAE9A800561D53 /* IkachanIntentsUI.entitlements */ = {isa = PBXFileReference; lastKnownFileType = text.plist.entitlements; path = IkachanIntentsUI.entitlements; sourceTree = "<group>"; };
		E468B7A225B282F5001254FE /* ModelData.swift */ = {isa = PBXFileReference; lastKnownFileType = sourcecode.swift; path = ModelData.swift; sourceTree = "<group>"; };
		E468B7AC25B34AFC001254FE /* Constant.swift */ = {isa = PBXFileReference; lastKnownFileType = sourcecode.swift; path = Constant.swift; sourceTree = "<group>"; };
		E468B7B425B46080001254FE /* Date.swift */ = {isa = PBXFileReference; lastKnownFileType = sourcecode.swift; path = Date.swift; sourceTree = "<group>"; };
		E46B506425B8959A001F88CE /* SmallScheduleView.swift */ = {isa = PBXFileReference; lastKnownFileType = sourcecode.swift; path = SmallScheduleView.swift; sourceTree = "<group>"; };
		E46B506725B9BBA6001F88CE /* MediumScheduleView.swift */ = {isa = PBXFileReference; lastKnownFileType = sourcecode.swift; path = MediumScheduleView.swift; sourceTree = "<group>"; };
		E46B507025B9C2AC001F88CE /* WidgetKit.framework */ = {isa = PBXFileReference; lastKnownFileType = wrapper.framework; name = WidgetKit.framework; path = System/Library/Frameworks/WidgetKit.framework; sourceTree = SDKROOT; };
		E46B507225B9C2AC001F88CE /* SwiftUI.framework */ = {isa = PBXFileReference; lastKnownFileType = wrapper.framework; name = SwiftUI.framework; path = System/Library/Frameworks/SwiftUI.framework; sourceTree = SDKROOT; };
		E46B507525B9C2AC001F88CE /* ScheduleWidget.swift */ = {isa = PBXFileReference; lastKnownFileType = sourcecode.swift; path = ScheduleWidget.swift; sourceTree = "<group>"; };
		E46B510225BB1E3E001F88CE /* AboutView.swift */ = {isa = PBXFileReference; lastKnownFileType = sourcecode.swift; path = AboutView.swift; sourceTree = "<group>"; };
		E46B512A25BB30C7001F88CE /* LICENSE.SwiftyJSON.md */ = {isa = PBXFileReference; fileEncoding = 4; lastKnownFileType = net.daringfireball.markdown; path = LICENSE.SwiftyJSON.md; sourceTree = "<group>"; };
		E46B512B25BB30C7001F88CE /* LICENSE.Kingfisher.md */ = {isa = PBXFileReference; fileEncoding = 4; lastKnownFileType = net.daringfireball.markdown; path = LICENSE.Kingfisher.md; sourceTree = "<group>"; };
		E46B513225BB341D001F88CE /* URL.swift */ = {isa = PBXFileReference; lastKnownFileType = sourcecode.swift; path = URL.swift; sourceTree = "<group>"; };
		E46B514B25BB46C5001F88CE /* en */ = {isa = PBXFileReference; lastKnownFileType = text.plist.strings; name = en; path = en.lproj/InfoPlist.strings; sourceTree = "<group>"; };
		E46B515225BB46C9001F88CE /* ja */ = {isa = PBXFileReference; lastKnownFileType = text.plist.strings; name = ja; path = ja.lproj/InfoPlist.strings; sourceTree = "<group>"; };
		E4703BBE25B747050093781B /* ja */ = {isa = PBXFileReference; lastKnownFileType = text.plist.strings; name = ja; path = ja.lproj/Localizable.strings; sourceTree = "<group>"; };
		E4703BC025B74B3F0093781B /* zh-Hans */ = {isa = PBXFileReference; lastKnownFileType = text.plist.strings; name = "zh-Hans"; path = "zh-Hans.lproj/Localizable.strings"; sourceTree = "<group>"; };
		E4703BC625B8722E0093781B /* Impact.swift */ = {isa = PBXFileReference; lastKnownFileType = sourcecode.swift; path = Impact.swift; sourceTree = "<group>"; };
		E477990125B1F1F600F8AE9F /* Schedule.swift */ = {isa = PBXFileReference; lastKnownFileType = sourcecode.swift; path = Schedule.swift; sourceTree = "<group>"; };
		E477990925B2029C00F8AE9F /* Shift.swift */ = {isa = PBXFileReference; lastKnownFileType = sourcecode.swift; path = Shift.swift; sourceTree = "<group>"; };
		E477990C25B203F900F8AE9F /* Weapon.swift */ = {isa = PBXFileReference; lastKnownFileType = sourcecode.swift; path = Weapon.swift; sourceTree = "<group>"; };
		E48BECBF25CD31F100B301D1 /* Collection.swift */ = {isa = PBXFileReference; lastKnownFileType = sourcecode.swift; path = Collection.swift; sourceTree = "<group>"; };
		E48BED3725CD822600B301D1 /* en */ = {isa = PBXFileReference; lastKnownFileType = text.plist.strings; name = en; path = en.lproj/IkachanIntents.strings; sourceTree = "<group>"; };
		E48BED4125CD855800B301D1 /* ja */ = {isa = PBXFileReference; lastKnownFileType = text.plist.strings; name = ja; path = ja.lproj/IkachanIntents.strings; sourceTree = "<group>"; };
		E4B1144A25BD1E7A00303542 /* MediumShiftView.swift */ = {isa = PBXFileReference; lastKnownFileType = sourcecode.swift; path = MediumShiftView.swift; sourceTree = "<group>"; };
		E4B1144F25BD43B400303542 /* ShiftWidget.swift */ = {isa = PBXFileReference; lastKnownFileType = sourcecode.swift; path = ShiftWidget.swift; sourceTree = "<group>"; };
		E4B1145325BD4CA400303542 /* IkachanWidgetBundle.swift */ = {isa = PBXFileReference; lastKnownFileType = sourcecode.swift; path = IkachanWidgetBundle.swift; sourceTree = "<group>"; };
		E4B1145925BD515F00303542 /* SmallDayView.swift */ = {isa = PBXFileReference; lastKnownFileType = sourcecode.swift; path = SmallDayView.swift; sourceTree = "<group>"; };
		E4B1145E25BD5AC600303542 /* DayWidget.swift */ = {isa = PBXFileReference; lastKnownFileType = sourcecode.swift; path = DayWidget.swift; sourceTree = "<group>"; };
		E4C7A2C125B7395500E26B20 /* en */ = {isa = PBXFileReference; lastKnownFileType = text.plist.strings; name = en; path = en.lproj/Localizable.strings; sourceTree = "<group>"; };
		E4C98CFA25C98099006940E9 /* Image.swift */ = {isa = PBXFileReference; lastKnownFileType = sourcecode.swift; path = Image.swift; sourceTree = "<group>"; };
		E4D8F02525D02A450064B40A /* ichi.png */ = {isa = PBXFileReference; lastKnownFileType = image.png; path = ichi.png; sourceTree = "<group>"; };
		E4D8F02625D02A450064B40A /* ichi@2x.png */ = {isa = PBXFileReference; lastKnownFileType = image.png; path = "ichi@2x.png"; sourceTree = "<group>"; };
		E4D8F02825D02A450064B40A /* ichi@3x.png */ = {isa = PBXFileReference; lastKnownFileType = image.png; path = "ichi@3x.png"; sourceTree = "<group>"; };
		E4D8F04A25D03C310064B40A /* zh-Hans */ = {isa = PBXFileReference; lastKnownFileType = text.plist.strings; name = "zh-Hans"; path = "zh-Hans.lproj/IkachanIntents.strings"; sourceTree = "<group>"; };
		E4E13CE225C7DBB100150544 /* Color.swift */ = {isa = PBXFileReference; lastKnownFileType = sourcecode.swift; path = Color.swift; sourceTree = "<group>"; };
		E4E60D8225B5C9280039A6E6 /* ScheduleImages.swift */ = {isa = PBXFileReference; lastKnownFileType = sourcecode.swift; path = ScheduleImages.swift; sourceTree = "<group>"; };
		E4E60D8525B5C9DF0039A6E6 /* ScheduleView.swift */ = {isa = PBXFileReference; lastKnownFileType = sourcecode.swift; path = ScheduleView.swift; sourceTree = "<group>"; };
		E4E60D8825B5CBC80039A6E6 /* SchedulesView.swift */ = {isa = PBXFileReference; lastKnownFileType = sourcecode.swift; path = SchedulesView.swift; sourceTree = "<group>"; };
/* End PBXFileReference section */

/* Begin PBXFrameworksBuildPhase section */
		E43E136525C9A3BA008A0FE6 /* Frameworks */ = {
			isa = PBXFrameworksBuildPhase;
			buildActionMask = 2147483647;
			files = (
				E4613F3F25C9AC5500561D53 /* SwiftyJSON in Frameworks */,
				E43E136A25C9A3BA008A0FE6 /* Intents.framework in Frameworks */,
			);
			runOnlyForDeploymentPostprocessing = 0;
		};
		E43E137025C9A3BA008A0FE6 /* Frameworks */ = {
			isa = PBXFrameworksBuildPhase;
			buildActionMask = 2147483647;
			files = (
				E4613F4525C9AC5E00561D53 /* Kingfisher in Frameworks */,
				E43E137525C9A3BA008A0FE6 /* IntentsUI.framework in Frameworks */,
			);
			runOnlyForDeploymentPostprocessing = 0;
		};
		E4405D7425AF64D2002EF1AB /* Frameworks */ = {
			isa = PBXFrameworksBuildPhase;
			buildActionMask = 2147483647;
			files = (
				E477990725B1F62500F8AE9F /* SwiftyJSON in Frameworks */,
				E43CCBB725B0338C001A0FF5 /* Kingfisher in Frameworks */,
			);
			runOnlyForDeploymentPostprocessing = 0;
		};
		E4444EC925BF147F0003A676 /* Frameworks */ = {
			isa = PBXFrameworksBuildPhase;
			buildActionMask = 2147483647;
			files = (
				E4444F3225BF155B0003A676 /* Kingfisher in Frameworks */,
				E4444ECE25BF147F0003A676 /* SwiftUI.framework in Frameworks */,
				E4444F3425BF155B0003A676 /* SwiftyJSON in Frameworks */,
				E4444ECD25BF147F0003A676 /* WidgetKit.framework in Frameworks */,
			);
			runOnlyForDeploymentPostprocessing = 0;
		};
/* End PBXFrameworksBuildPhase section */

/* Begin PBXGroup section */
		E43E136B25C9A3BA008A0FE6 /* IkachanIntents */ = {
			isa = PBXGroup;
			children = (
				E43E139A25C9A3E6008A0FE6 /* IkachanIntents.entitlements */,
				E43E136C25C9A3BA008A0FE6 /* IntentHandler.swift */,
				E4613F8F25C9AFD100561D53 /* ScheduleIntentHandler.swift */,
				E4613F9C25C9AFF700561D53 /* ShiftIntentHandler.swift */,
				E43E136E25C9A3BA008A0FE6 /* Info.plist */,
			);
			path = IkachanIntents;
			sourceTree = "<group>";
		};
		E43E137625C9A3BA008A0FE6 /* IkachanIntentsUI */ = {
			isa = PBXGroup;
			children = (
				E46141AA25CAE9A800561D53 /* IkachanIntentsUI.entitlements */,
				E43E137725C9A3BA008A0FE6 /* IntentViewController.swift */,
				E43E137925C9A3BA008A0FE6 /* MainInterface.storyboard */,
				E4400F0A25CC6D9500BF94C6 /* Assets.xcassets */,
				E43E137C25C9A3BA008A0FE6 /* Info.plist */,
			);
			path = IkachanIntentsUI;
			sourceTree = "<group>";
		};
		E4400EFD25CC6C5F00BF94C6 /* Utils */ = {
			isa = PBXGroup;
			children = (
				E4C98CFA25C98099006940E9 /* Image.swift */,
			);
			path = Utils;
			sourceTree = "<group>";
		};
		E4400F4825CD068D00BF94C6 /* Models */ = {
			isa = PBXGroup;
			children = (
				E468B7A225B282F5001254FE /* ModelData.swift */,
				E445762325CE9B70004AA74D /* Fortune.swift */,
			);
			path = Models;
			sourceTree = "<group>";
		};
		E4405D6E25AF64D2002EF1AB = {
			isa = PBXGroup;
			children = (
				E484FDB625C9459A006E748F /* Shared */,
				E4405D7925AF64D2002EF1AB /* Ikachan */,
				E4444ECF25BF147F0003A676 /* IkachanWidget */,
				E43E136B25C9A3BA008A0FE6 /* IkachanIntents */,
				E43E137625C9A3BA008A0FE6 /* IkachanIntentsUI */,
				E46B506F25B9C2AC001F88CE /* Frameworks */,
				E4405D7825AF64D2002EF1AB /* Products */,
				E43D3F5725BBC75600D944A1 /* README.md */,
				E43D3F5825BBC7E700D944A1 /* LICENSE */,
				E46B512B25BB30C7001F88CE /* LICENSE.Kingfisher.md */,
				E46B512A25BB30C7001F88CE /* LICENSE.SwiftyJSON.md */,
			);
			sourceTree = "<group>";
		};
		E4405D7825AF64D2002EF1AB /* Products */ = {
			isa = PBXGroup;
			children = (
				E4405D7725AF64D2002EF1AB /* Ikachan.app */,
				E4444ECC25BF147F0003A676 /* IkachanWidgetExtension.appex */,
				E43E136825C9A3BA008A0FE6 /* IkachanIntents.appex */,
				E43E137325C9A3BA008A0FE6 /* IkachanIntentsUI.appex */,
			);
			name = Products;
			sourceTree = "<group>";
		};
		E4405D7925AF64D2002EF1AB /* Ikachan */ = {
			isa = PBXGroup;
			children = (
				E43E136325C9A398008A0FE6 /* Ikachan.entitlements */,
				E4D8F01025D01F5B0064B40A /* Icons */,
				E468B7B325B46070001254FE /* Utils */,
				E4400F4825CD068D00BF94C6 /* Models */,
				E47798FD25B1EDDA00F8AE9F /* Views */,
				E4405D7A25AF64D2002EF1AB /* IkachanApp.swift */,
				E4405D7E25AF64D6002EF1AB /* Assets.xcassets */,
				E4405D8325AF64D6002EF1AB /* Info.plist */,
				E46B514C25BB46C5001F88CE /* InfoPlist.strings */,
				E4405D8025AF64D6002EF1AB /* Preview Content */,
			);
			path = Ikachan;
			sourceTree = "<group>";
		};
		E4405D8025AF64D6002EF1AB /* Preview Content */ = {
			isa = PBXGroup;
			children = (
				E4405D8125AF64D6002EF1AB /* Preview Assets.xcassets */,
			);
			path = "Preview Content";
			sourceTree = "<group>";
		};
		E4444ECF25BF147F0003A676 /* IkachanWidget */ = {
			isa = PBXGroup;
			children = (
				E4400EFD25CC6C5F00BF94C6 /* Utils */,
				E484FDBD25C9460C006E748F /* Views */,
				E4B1145E25BD5AC600303542 /* DayWidget.swift */,
				E46B507525B9C2AC001F88CE /* ScheduleWidget.swift */,
				E4B1144F25BD43B400303542 /* ShiftWidget.swift */,
				E4B1145325BD4CA400303542 /* IkachanWidgetBundle.swift */,
				E4444F3725BF164C0003A676 /* Assets.xcassets */,
				E4444ED525BF14820003A676 /* Info.plist */,
			);
			path = IkachanWidget;
			sourceTree = "<group>";
		};
		E468B7AF25B34EB3001254FE /* Components */ = {
			isa = PBXGroup;
			children = (
				E4E60D8225B5C9280039A6E6 /* ScheduleImages.swift */,
				E4E60D8525B5C9DF0039A6E6 /* ScheduleView.swift */,
				E438EF4125B5E22A005AB9D9 /* ShiftImages.swift */,
				E438EF4725B5E533005AB9D9 /* ShiftView.swift */,
			);
			path = Components;
			sourceTree = "<group>";
		};
		E468B7B325B46070001254FE /* Utils */ = {
			isa = PBXGroup;
			children = (
				E4703BC625B8722E0093781B /* Impact.swift */,
				E46B513225BB341D001F88CE /* URL.swift */,
			);
			path = Utils;
			sourceTree = "<group>";
		};
		E46B506F25B9C2AC001F88CE /* Frameworks */ = {
			isa = PBXGroup;
			children = (
				E46B507025B9C2AC001F88CE /* WidgetKit.framework */,
				E46B507225B9C2AC001F88CE /* SwiftUI.framework */,
				E43E136925C9A3BA008A0FE6 /* Intents.framework */,
				E43E137425C9A3BA008A0FE6 /* IntentsUI.framework */,
			);
			name = Frameworks;
			sourceTree = "<group>";
		};
		E47798FD25B1EDDA00F8AE9F /* Views */ = {
			isa = PBXGroup;
			children = (
				E468B7AF25B34EB3001254FE /* Components */,
				E4405D7C25AF64D2002EF1AB /* ContentView.swift */,
				E4E60D8825B5CBC80039A6E6 /* SchedulesView.swift */,
				E438EF4425B5E3F7005AB9D9 /* ShiftsView.swift */,
				E46B510225BB1E3E001F88CE /* AboutView.swift */,
				E445761D25CE99AE004AA74D /* ShrineView.swift */,
			);
			path = Views;
			sourceTree = "<group>";
		};
		E477990025B1F1E600F8AE9F /* Models */ = {
			isa = PBXGroup;
			children = (
				E468B7AC25B34AFC001254FE /* Constant.swift */,
				E477990125B1F1F600F8AE9F /* Schedule.swift */,
				E477990C25B203F900F8AE9F /* Weapon.swift */,
				E477990925B2029C00F8AE9F /* Shift.swift */,
			);
			path = Models;
			sourceTree = "<group>";
		};
		E484FDB625C9459A006E748F /* Shared */ = {
			isa = PBXGroup;
			children = (
				E484FDB725C945B5006E748F /* Utils */,
				E477990025B1F1E600F8AE9F /* Models */,
				E4613FBA25C9B62000561D53 /* IkachanIntents.intentdefinition */,
				E4C7A2C225B7395500E26B20 /* Localizable.strings */,
			);
			path = Shared;
			sourceTree = "<group>";
		};
		E484FDB725C945B5006E748F /* Utils */ = {
			isa = PBXGroup;
			children = (
				E48BECBF25CD31F100B301D1 /* Collection.swift */,
				E4E13CE225C7DBB100150544 /* Color.swift */,
				E468B7B425B46080001254FE /* Date.swift */,
				E461405825C9C93B00561D53 /* LocalizedStringKey.swift */,
				E461413F25CA880500561D53 /* String.swift */,
				E4400F3A25CD03F900BF94C6 /* Splatoon2Ink.swift */,
			);
			path = Utils;
			sourceTree = "<group>";
		};
		E484FDBD25C9460C006E748F /* Views */ = {
			isa = PBXGroup;
			children = (
				E4B1145925BD515F00303542 /* SmallDayView.swift */,
				E46B506425B8959A001F88CE /* SmallScheduleView.swift */,
				E46B506725B9BBA6001F88CE /* MediumScheduleView.swift */,
				E445762925CEF5A9004AA74D /* SmallShiftView.swift */,
				E4B1144A25BD1E7A00303542 /* MediumShiftView.swift */,
				E43E12C425C995C7008A0FE6 /* FailedToLoadView.swift */,
			);
			path = Views;
			sourceTree = "<group>";
		};
		E4D8F01025D01F5B0064B40A /* Icons */ = {
			isa = PBXGroup;
			children = (
				E4D8F02525D02A450064B40A /* ichi.png */,
				E4D8F02625D02A450064B40A /* ichi@2x.png */,
				E4D8F02825D02A450064B40A /* ichi@3x.png */,
			);
			path = Icons;
			sourceTree = "<group>";
		};
/* End PBXGroup section */

/* Begin PBXNativeTarget section */
		E43E136725C9A3BA008A0FE6 /* IkachanIntents */ = {
			isa = PBXNativeTarget;
			buildConfigurationList = E43E138625C9A3BA008A0FE6 /* Build configuration list for PBXNativeTarget "IkachanIntents" */;
			buildPhases = (
				E43E136425C9A3BA008A0FE6 /* Sources */,
				E43E136525C9A3BA008A0FE6 /* Frameworks */,
				E43E136625C9A3BA008A0FE6 /* Resources */,
			);
			buildRules = (
			);
			dependencies = (
			);
			name = IkachanIntents;
			packageProductDependencies = (
				E4613F3E25C9AC5500561D53 /* SwiftyJSON */,
			);
			productName = IkachanIntents;
			productReference = E43E136825C9A3BA008A0FE6 /* IkachanIntents.appex */;
			productType = "com.apple.product-type.app-extension";
		};
		E43E137225C9A3BA008A0FE6 /* IkachanIntentsUI */ = {
			isa = PBXNativeTarget;
			buildConfigurationList = E43E138325C9A3BA008A0FE6 /* Build configuration list for PBXNativeTarget "IkachanIntentsUI" */;
			buildPhases = (
				E43E136F25C9A3BA008A0FE6 /* Sources */,
				E43E137025C9A3BA008A0FE6 /* Frameworks */,
				E43E137125C9A3BA008A0FE6 /* Resources */,
			);
			buildRules = (
			);
			dependencies = (
			);
			name = IkachanIntentsUI;
			packageProductDependencies = (
				E4613F4425C9AC5E00561D53 /* Kingfisher */,
			);
			productName = IkachanIntentsUI;
			productReference = E43E137325C9A3BA008A0FE6 /* IkachanIntentsUI.appex */;
			productType = "com.apple.product-type.app-extension";
		};
		E4405D7625AF64D2002EF1AB /* Ikachan */ = {
			isa = PBXNativeTarget;
			buildConfigurationList = E4405D8625AF64D6002EF1AB /* Build configuration list for PBXNativeTarget "Ikachan" */;
			buildPhases = (
				E4405D7325AF64D2002EF1AB /* Sources */,
				E4405D7425AF64D2002EF1AB /* Frameworks */,
				E4405D7525AF64D2002EF1AB /* Resources */,
				E46B508325B9C2B1001F88CE /* Embed App Extensions */,
			);
			buildRules = (
			);
			dependencies = (
				E4444ED925BF14820003A676 /* PBXTargetDependency */,
				E43E137E25C9A3BA008A0FE6 /* PBXTargetDependency */,
				E43E138125C9A3BA008A0FE6 /* PBXTargetDependency */,
			);
			name = Ikachan;
			packageProductDependencies = (
				E43CCBB625B0338C001A0FF5 /* Kingfisher */,
				E477990625B1F62500F8AE9F /* SwiftyJSON */,
			);
			productName = Ikachan;
			productReference = E4405D7725AF64D2002EF1AB /* Ikachan.app */;
			productType = "com.apple.product-type.application";
		};
		E4444ECB25BF147F0003A676 /* IkachanWidgetExtension */ = {
			isa = PBXNativeTarget;
			buildConfigurationList = E4444EDD25BF14820003A676 /* Build configuration list for PBXNativeTarget "IkachanWidgetExtension" */;
			buildPhases = (
				E4444EC825BF147F0003A676 /* Sources */,
				E4444EC925BF147F0003A676 /* Frameworks */,
				E4444ECA25BF147F0003A676 /* Resources */,
			);
			buildRules = (
			);
			dependencies = (
			);
			name = IkachanWidgetExtension;
			packageProductDependencies = (
				E4444F3125BF155B0003A676 /* Kingfisher */,
				E4444F3325BF155B0003A676 /* SwiftyJSON */,
			);
			productName = IkachanWidgetExtension;
			productReference = E4444ECC25BF147F0003A676 /* IkachanWidgetExtension.appex */;
			productType = "com.apple.product-type.app-extension";
		};
/* End PBXNativeTarget section */

/* Begin PBXProject section */
		E4405D6F25AF64D2002EF1AB /* Project object */ = {
			isa = PBXProject;
			attributes = {
				LastSwiftUpdateCheck = 1230;
				LastUpgradeCheck = 1230;
				TargetAttributes = {
					E43E136725C9A3BA008A0FE6 = {
						CreatedOnToolsVersion = 12.3;
					};
					E43E137225C9A3BA008A0FE6 = {
						CreatedOnToolsVersion = 12.3;
					};
					E4405D7625AF64D2002EF1AB = {
						CreatedOnToolsVersion = 12.3;
					};
					E4444ECB25BF147F0003A676 = {
						CreatedOnToolsVersion = 12.3;
					};
				};
			};
			buildConfigurationList = E4405D7225AF64D2002EF1AB /* Build configuration list for PBXProject "Ikachan" */;
			compatibilityVersion = "Xcode 9.3";
			developmentRegion = en;
			hasScannedForEncodings = 0;
			knownRegions = (
				en,
				Base,
				ja,
				"zh-Hans",
			);
			mainGroup = E4405D6E25AF64D2002EF1AB;
			packageReferences = (
				E43CCBB525B0338C001A0FF5 /* XCRemoteSwiftPackageReference "Kingfisher" */,
				E477990525B1F62500F8AE9F /* XCRemoteSwiftPackageReference "SwiftyJSON" */,
			);
			productRefGroup = E4405D7825AF64D2002EF1AB /* Products */;
			projectDirPath = "";
			projectRoot = "";
			targets = (
				E4405D7625AF64D2002EF1AB /* Ikachan */,
				E4444ECB25BF147F0003A676 /* IkachanWidgetExtension */,
				E43E136725C9A3BA008A0FE6 /* IkachanIntents */,
				E43E137225C9A3BA008A0FE6 /* IkachanIntentsUI */,
			);
		};
/* End PBXProject section */

/* Begin PBXResourcesBuildPhase section */
		E43E136625C9A3BA008A0FE6 /* Resources */ = {
			isa = PBXResourcesBuildPhase;
			buildActionMask = 2147483647;
			files = (
				E4613F6225C9ACB100561D53 /* Localizable.strings in Resources */,
			);
			runOnlyForDeploymentPostprocessing = 0;
		};
		E43E137125C9A3BA008A0FE6 /* Resources */ = {
			isa = PBXResourcesBuildPhase;
			buildActionMask = 2147483647;
			files = (
				E43E137B25C9A3BA008A0FE6 /* MainInterface.storyboard in Resources */,
				E4400F0B25CC6D9500BF94C6 /* Assets.xcassets in Resources */,
				E4613F6725C9ACB100561D53 /* Localizable.strings in Resources */,
			);
			runOnlyForDeploymentPostprocessing = 0;
		};
		E4405D7525AF64D2002EF1AB /* Resources */ = {
			isa = PBXResourcesBuildPhase;
			buildActionMask = 2147483647;
			files = (
				E4405D8225AF64D6002EF1AB /* Preview Assets.xcassets in Resources */,
				E484FDCE25C946C9006E748F /* InfoPlist.strings in Resources */,
				E4D8F02B25D02A460064B40A /* ichi.png in Resources */,
				E46B512D25BB30C7001F88CE /* LICENSE.Kingfisher.md in Resources */,
				E46B512C25BB30C7001F88CE /* LICENSE.SwiftyJSON.md in Resources */,
				E4D8F02E25D02A460064B40A /* ichi@3x.png in Resources */,
				E4D8F02C25D02A460064B40A /* ichi@2x.png in Resources */,
				E4C7A2C025B7395500E26B20 /* Localizable.strings in Resources */,
				E4405D7F25AF64D6002EF1AB /* Assets.xcassets in Resources */,
			);
			runOnlyForDeploymentPostprocessing = 0;
		};
		E4444ECA25BF147F0003A676 /* Resources */ = {
			isa = PBXResourcesBuildPhase;
			buildActionMask = 2147483647;
			files = (
				E484FDC725C94694006E748F /* Assets.xcassets in Resources */,
				E4444EFC25BF14B50003A676 /* Localizable.strings in Resources */,
			);
			runOnlyForDeploymentPostprocessing = 0;
		};
/* End PBXResourcesBuildPhase section */

/* Begin PBXSourcesBuildPhase section */
		E43E136425C9A3BA008A0FE6 /* Sources */ = {
			isa = PBXSourcesBuildPhase;
			buildActionMask = 2147483647;
			files = (
				E4613F1625C9A96500561D53 /* Weapon.swift in Sources */,
				E4613F4E25C9ACA900561D53 /* Date.swift in Sources */,
				E4613FB725C9B62000561D53 /* IkachanIntents.intentdefinition in Sources */,
				E4400F4E25CD069B00BF94C6 /* Splatoon2Ink.swift in Sources */,
				E461405B25C9C93B00561D53 /* LocalizedStringKey.swift in Sources */,
				E48BECC225CD31F200B301D1 /* Collection.swift in Sources */,
				E4613F0225C9A70C00561D53 /* Shift.swift in Sources */,
				E4613F0325C9A70C00561D53 /* Schedule.swift in Sources */,
				E43E136D25C9A3BA008A0FE6 /* IntentHandler.swift in Sources */,
				E4613F9225C9AFD100561D53 /* ScheduleIntentHandler.swift in Sources */,
				E4613F9F25C9AFF700561D53 /* ShiftIntentHandler.swift in Sources */,
				E4613F4C25C9ACA900561D53 /* Color.swift in Sources */,
				E4613F2025C9A97A00561D53 /* Constant.swift in Sources */,
				E461414225CA880500561D53 /* String.swift in Sources */,
			);
			runOnlyForDeploymentPostprocessing = 0;
		};
		E43E136F25C9A3BA008A0FE6 /* Sources */ = {
			isa = PBXSourcesBuildPhase;
			buildActionMask = 2147483647;
			files = (
				E4613F2525C9A97A00561D53 /* Constant.swift in Sources */,
				E4613F0825C9A70C00561D53 /* Shift.swift in Sources */,
				E4613FB825C9B62000561D53 /* IkachanIntents.intentdefinition in Sources */,
				E4613F0925C9A70D00561D53 /* Schedule.swift in Sources */,
				E46141A325CADF5600561D53 /* ScheduleImages.swift in Sources */,
				E461405C25C9C93B00561D53 /* LocalizedStringKey.swift in Sources */,
				E48BECC325CD31F200B301D1 /* Collection.swift in Sources */,
				E43E137825C9A3BA008A0FE6 /* IntentViewController.swift in Sources */,
				E4613F5625C9ACA900561D53 /* Date.swift in Sources */,
				E46141A425CADF5600561D53 /* ShiftView.swift in Sources */,
				E46141A225CADF5600561D53 /* ShiftImages.swift in Sources */,
				E46141A525CADF5600561D53 /* ScheduleView.swift in Sources */,
				E461414325CA880500561D53 /* String.swift in Sources */,
				E4613F1B25C9A96600561D53 /* Weapon.swift in Sources */,
				E4613F5425C9ACA900561D53 /* Color.swift in Sources */,
			);
			runOnlyForDeploymentPostprocessing = 0;
		};
		E4405D7325AF64D2002EF1AB /* Sources */ = {
			isa = PBXSourcesBuildPhase;
			buildActionMask = 2147483647;
			files = (
				E438EF4225B5E22A005AB9D9 /* ShiftImages.swift in Sources */,
				E438EF4525B5E3F8005AB9D9 /* ShiftsView.swift in Sources */,
				E4E13CE325C7DBB100150544 /* Color.swift in Sources */,
				E4400F3B25CD03F900BF94C6 /* Splatoon2Ink.swift in Sources */,
				E4400F3425CD012C00BF94C6 /* ScheduleIntentHandler.swift in Sources */,
				E461414025CA880500561D53 /* String.swift in Sources */,
				E4400F3325CD012C00BF94C6 /* IntentHandler.swift in Sources */,
				E4400F3525CD012C00BF94C6 /* ShiftIntentHandler.swift in Sources */,
				E4405D7D25AF64D2002EF1AB /* ContentView.swift in Sources */,
				E438EF4825B5E533005AB9D9 /* ShiftView.swift in Sources */,
				E46B510325BB1E3E001F88CE /* AboutView.swift in Sources */,
				E4405D7B25AF64D2002EF1AB /* IkachanApp.swift in Sources */,
				E477990D25B203F900F8AE9F /* Weapon.swift in Sources */,
				E477990225B1F1F600F8AE9F /* Schedule.swift in Sources */,
				E4613FB525C9B62000561D53 /* IkachanIntents.intentdefinition in Sources */,
				E46B513325BB341D001F88CE /* URL.swift in Sources */,
				E4E60D8625B5C9DF0039A6E6 /* ScheduleView.swift in Sources */,
				E461405925C9C93B00561D53 /* LocalizedStringKey.swift in Sources */,
				E48BECC025CD31F100B301D1 /* Collection.swift in Sources */,
				E4703BC725B8722E0093781B /* Impact.swift in Sources */,
				E468B7A325B282F5001254FE /* ModelData.swift in Sources */,
				E445762425CE9B70004AA74D /* Fortune.swift in Sources */,
				E4E60D8925B5CBC80039A6E6 /* SchedulesView.swift in Sources */,
				E468B7AD25B34AFC001254FE /* Constant.swift in Sources */,
				E468B7B525B46080001254FE /* Date.swift in Sources */,
				E4E60D8325B5C9280039A6E6 /* ScheduleImages.swift in Sources */,
				E477990A25B2029C00F8AE9F /* Shift.swift in Sources */,
				E445761E25CE99AE004AA74D /* ShrineView.swift in Sources */,
			);
			runOnlyForDeploymentPostprocessing = 0;
		};
		E4444EC825BF147F0003A676 /* Sources */ = {
			isa = PBXSourcesBuildPhase;
			buildActionMask = 2147483647;
			files = (
				E4613FB625C9B62000561D53 /* IkachanIntents.intentdefinition in Sources */,
				E4444EE125BF148D0003A676 /* Date.swift in Sources */,
				E4444EED25BF149B0003A676 /* Constant.swift in Sources */,
				E4444EF625BF14A50003A676 /* SmallDayView.swift in Sources */,
				E4444EEF25BF149B0003A676 /* Shift.swift in Sources */,
				E43E12C525C995C7008A0FE6 /* FailedToLoadView.swift in Sources */,
				E4E13CE425C7DBB100150544 /* Color.swift in Sources */,
				E4444F1825BF14FB0003A676 /* ScheduleWidget.swift in Sources */,
				E4444F0725BF14D10003A676 /* IkachanWidgetBundle.swift in Sources */,
				E461405A25C9C93B00561D53 /* LocalizedStringKey.swift in Sources */,
				E4400F2825CD010A00BF94C6 /* ScheduleIntentHandler.swift in Sources */,
				E4444EF825BF14A50003A676 /* MediumShiftView.swift in Sources */,
				E4444EF725BF14A50003A676 /* SmallScheduleView.swift in Sources */,
				E4444EF525BF14A50003A676 /* MediumScheduleView.swift in Sources */,
				E445762A25CEF5A9004AA74D /* SmallShiftView.swift in Sources */,
				E461414125CA880500561D53 /* String.swift in Sources */,
				E48BECC125CD31F100B301D1 /* Collection.swift in Sources */,
				E4400F2925CD010A00BF94C6 /* ShiftIntentHandler.swift in Sources */,
				E4400F4925CD069A00BF94C6 /* Splatoon2Ink.swift in Sources */,
				E4C98CFC25C98099006940E9 /* Image.swift in Sources */,
				E4444EF025BF149B0003A676 /* Schedule.swift in Sources */,
				E4444EF125BF149B0003A676 /* Weapon.swift in Sources */,
				E4444F2325BF15090003A676 /* ShiftWidget.swift in Sources */,
				E4400F2E25CD011500BF94C6 /* IntentHandler.swift in Sources */,
				E4444F1125BF14F60003A676 /* DayWidget.swift in Sources */,
			);
			runOnlyForDeploymentPostprocessing = 0;
		};
/* End PBXSourcesBuildPhase section */

/* Begin PBXTargetDependency section */
		E43E137E25C9A3BA008A0FE6 /* PBXTargetDependency */ = {
			isa = PBXTargetDependency;
			target = E43E137225C9A3BA008A0FE6 /* IkachanIntentsUI */;
			targetProxy = E43E137D25C9A3BA008A0FE6 /* PBXContainerItemProxy */;
		};
		E43E138125C9A3BA008A0FE6 /* PBXTargetDependency */ = {
			isa = PBXTargetDependency;
			target = E43E136725C9A3BA008A0FE6 /* IkachanIntents */;
			targetProxy = E43E138025C9A3BA008A0FE6 /* PBXContainerItemProxy */;
		};
		E4444ED925BF14820003A676 /* PBXTargetDependency */ = {
			isa = PBXTargetDependency;
			target = E4444ECB25BF147F0003A676 /* IkachanWidgetExtension */;
			targetProxy = E4444ED825BF14820003A676 /* PBXContainerItemProxy */;
		};
/* End PBXTargetDependency section */

/* Begin PBXVariantGroup section */
		E43E137925C9A3BA008A0FE6 /* MainInterface.storyboard */ = {
			isa = PBXVariantGroup;
			children = (
				E43E137A25C9A3BA008A0FE6 /* Base */,
			);
			name = MainInterface.storyboard;
			sourceTree = "<group>";
		};
		E4613FBA25C9B62000561D53 /* IkachanIntents.intentdefinition */ = {
			isa = PBXVariantGroup;
			children = (
				E4613FB925C9B62000561D53 /* Base */,
				E48BED3725CD822600B301D1 /* en */,
				E48BED4125CD855800B301D1 /* ja */,
				E4D8F04A25D03C310064B40A /* zh-Hans */,
			);
			name = IkachanIntents.intentdefinition;
			sourceTree = "<group>";
		};
		E46B514C25BB46C5001F88CE /* InfoPlist.strings */ = {
			isa = PBXVariantGroup;
			children = (
				E46B514B25BB46C5001F88CE /* en */,
				E46B515225BB46C9001F88CE /* ja */,
				E406EF8D25C8576300683DBD /* zh-Hans */,
			);
			name = InfoPlist.strings;
			sourceTree = "<group>";
		};
		E4C7A2C225B7395500E26B20 /* Localizable.strings */ = {
			isa = PBXVariantGroup;
			children = (
				E4C7A2C125B7395500E26B20 /* en */,
				E4703BBE25B747050093781B /* ja */,
				E4703BC025B74B3F0093781B /* zh-Hans */,
			);
			name = Localizable.strings;
			sourceTree = "<group>";
		};
/* End PBXVariantGroup section */

/* Begin XCBuildConfiguration section */
		E43E138425C9A3BA008A0FE6 /* Debug */ = {
			isa = XCBuildConfiguration;
			buildSettings = {
				CODE_SIGN_ENTITLEMENTS = IkachanIntentsUI/IkachanIntentsUI.entitlements;
				CODE_SIGN_STYLE = Automatic;
				CURRENT_PROJECT_VERSION = 16;
				DEVELOPMENT_TEAM = PSXQUH2HR6;
				INFOPLIST_FILE = IkachanIntentsUI/Info.plist;
				IPHONEOS_DEPLOYMENT_TARGET = 14.0;
				LD_RUNPATH_SEARCH_PATHS = (
					"$(inherited)",
					"@executable_path/Frameworks",
					"@executable_path/../../Frameworks",
				);
				MARKETING_VERSION = 0.1.0;
				PRODUCT_BUNDLE_IDENTIFIER = name.sketch.Ikachan.IkachanIntentsUI;
				PRODUCT_NAME = "$(TARGET_NAME)";
				SKIP_INSTALL = YES;
				SWIFT_VERSION = 5.0;
				TARGETED_DEVICE_FAMILY = "1,2";
			};
			name = Debug;
		};
		E43E138525C9A3BA008A0FE6 /* Release */ = {
			isa = XCBuildConfiguration;
			buildSettings = {
				CODE_SIGN_ENTITLEMENTS = IkachanIntentsUI/IkachanIntentsUI.entitlements;
				CODE_SIGN_STYLE = Automatic;
				CURRENT_PROJECT_VERSION = 16;
				DEVELOPMENT_TEAM = PSXQUH2HR6;
				INFOPLIST_FILE = IkachanIntentsUI/Info.plist;
				IPHONEOS_DEPLOYMENT_TARGET = 14.0;
				LD_RUNPATH_SEARCH_PATHS = (
					"$(inherited)",
					"@executable_path/Frameworks",
					"@executable_path/../../Frameworks",
				);
				MARKETING_VERSION = 0.1.0;
				PRODUCT_BUNDLE_IDENTIFIER = name.sketch.Ikachan.IkachanIntentsUI;
				PRODUCT_NAME = "$(TARGET_NAME)";
				SKIP_INSTALL = YES;
				SWIFT_VERSION = 5.0;
				TARGETED_DEVICE_FAMILY = "1,2";
			};
			name = Release;
		};
		E43E138725C9A3BA008A0FE6 /* Debug */ = {
			isa = XCBuildConfiguration;
			buildSettings = {
				CODE_SIGN_ENTITLEMENTS = IkachanIntents/IkachanIntents.entitlements;
				CODE_SIGN_STYLE = Automatic;
				CURRENT_PROJECT_VERSION = 16;
				DEVELOPMENT_TEAM = PSXQUH2HR6;
				INFOPLIST_FILE = IkachanIntents/Info.plist;
				IPHONEOS_DEPLOYMENT_TARGET = 14.0;
				LD_RUNPATH_SEARCH_PATHS = (
					"$(inherited)",
					"@executable_path/Frameworks",
					"@executable_path/../../Frameworks",
				);
				MARKETING_VERSION = 0.1.0;
				PRODUCT_BUNDLE_IDENTIFIER = name.sketch.Ikachan.IkachanIntents;
				PRODUCT_NAME = "$(TARGET_NAME)";
				SKIP_INSTALL = YES;
				SWIFT_VERSION = 5.0;
				TARGETED_DEVICE_FAMILY = "1,2";
			};
			name = Debug;
		};
		E43E138825C9A3BA008A0FE6 /* Release */ = {
			isa = XCBuildConfiguration;
			buildSettings = {
				CODE_SIGN_ENTITLEMENTS = IkachanIntents/IkachanIntents.entitlements;
				CODE_SIGN_STYLE = Automatic;
				CURRENT_PROJECT_VERSION = 16;
				DEVELOPMENT_TEAM = PSXQUH2HR6;
				INFOPLIST_FILE = IkachanIntents/Info.plist;
				IPHONEOS_DEPLOYMENT_TARGET = 14.0;
				LD_RUNPATH_SEARCH_PATHS = (
					"$(inherited)",
					"@executable_path/Frameworks",
					"@executable_path/../../Frameworks",
				);
				MARKETING_VERSION = 0.1.0;
				PRODUCT_BUNDLE_IDENTIFIER = name.sketch.Ikachan.IkachanIntents;
				PRODUCT_NAME = "$(TARGET_NAME)";
				SKIP_INSTALL = YES;
				SWIFT_VERSION = 5.0;
				TARGETED_DEVICE_FAMILY = "1,2";
			};
			name = Release;
		};
		E4405D8425AF64D6002EF1AB /* Debug */ = {
			isa = XCBuildConfiguration;
			buildSettings = {
				ALWAYS_SEARCH_USER_PATHS = NO;
				CLANG_ANALYZER_LOCALIZABILITY_NONLOCALIZED = YES;
				CLANG_ANALYZER_NONNULL = YES;
				CLANG_ANALYZER_NUMBER_OBJECT_CONVERSION = YES_AGGRESSIVE;
				CLANG_CXX_LANGUAGE_STANDARD = "gnu++14";
				CLANG_CXX_LIBRARY = "libc++";
				CLANG_ENABLE_MODULES = YES;
				CLANG_ENABLE_OBJC_ARC = YES;
				CLANG_ENABLE_OBJC_WEAK = YES;
				CLANG_WARN_BLOCK_CAPTURE_AUTORELEASING = YES;
				CLANG_WARN_BOOL_CONVERSION = YES;
				CLANG_WARN_COMMA = YES;
				CLANG_WARN_CONSTANT_CONVERSION = YES;
				CLANG_WARN_DEPRECATED_OBJC_IMPLEMENTATIONS = YES;
				CLANG_WARN_DIRECT_OBJC_ISA_USAGE = YES_ERROR;
				CLANG_WARN_DOCUMENTATION_COMMENTS = YES;
				CLANG_WARN_EMPTY_BODY = YES;
				CLANG_WARN_ENUM_CONVERSION = YES;
				CLANG_WARN_INFINITE_RECURSION = YES;
				CLANG_WARN_INT_CONVERSION = YES;
				CLANG_WARN_NON_LITERAL_NULL_CONVERSION = YES;
				CLANG_WARN_OBJC_IMPLICIT_RETAIN_SELF = YES;
				CLANG_WARN_OBJC_LITERAL_CONVERSION = YES;
				CLANG_WARN_OBJC_ROOT_CLASS = YES_ERROR;
				CLANG_WARN_QUOTED_INCLUDE_IN_FRAMEWORK_HEADER = YES;
				CLANG_WARN_RANGE_LOOP_ANALYSIS = YES;
				CLANG_WARN_STRICT_PROTOTYPES = YES;
				CLANG_WARN_SUSPICIOUS_MOVE = YES;
				CLANG_WARN_UNGUARDED_AVAILABILITY = YES_AGGRESSIVE;
				CLANG_WARN_UNREACHABLE_CODE = YES;
				CLANG_WARN__DUPLICATE_METHOD_MATCH = YES;
				COPY_PHASE_STRIP = NO;
				DEBUG_INFORMATION_FORMAT = dwarf;
				ENABLE_STRICT_OBJC_MSGSEND = YES;
				ENABLE_TESTABILITY = YES;
				GCC_C_LANGUAGE_STANDARD = gnu11;
				GCC_DYNAMIC_NO_PIC = NO;
				GCC_NO_COMMON_BLOCKS = YES;
				GCC_OPTIMIZATION_LEVEL = 0;
				GCC_PREPROCESSOR_DEFINITIONS = (
					"DEBUG=1",
					"$(inherited)",
				);
				GCC_WARN_64_TO_32_BIT_CONVERSION = YES;
				GCC_WARN_ABOUT_RETURN_TYPE = YES_ERROR;
				GCC_WARN_UNDECLARED_SELECTOR = YES;
				GCC_WARN_UNINITIALIZED_AUTOS = YES_AGGRESSIVE;
				GCC_WARN_UNUSED_FUNCTION = YES;
				GCC_WARN_UNUSED_VARIABLE = YES;
				IPHONEOS_DEPLOYMENT_TARGET = 14.0;
				MTL_ENABLE_DEBUG_INFO = INCLUDE_SOURCE;
				MTL_FAST_MATH = YES;
				ONLY_ACTIVE_ARCH = YES;
				SDKROOT = iphoneos;
				SWIFT_ACTIVE_COMPILATION_CONDITIONS = DEBUG;
				SWIFT_OPTIMIZATION_LEVEL = "-Onone";
			};
			name = Debug;
		};
		E4405D8525AF64D6002EF1AB /* Release */ = {
			isa = XCBuildConfiguration;
			buildSettings = {
				ALWAYS_SEARCH_USER_PATHS = NO;
				CLANG_ANALYZER_LOCALIZABILITY_NONLOCALIZED = YES;
				CLANG_ANALYZER_NONNULL = YES;
				CLANG_ANALYZER_NUMBER_OBJECT_CONVERSION = YES_AGGRESSIVE;
				CLANG_CXX_LANGUAGE_STANDARD = "gnu++14";
				CLANG_CXX_LIBRARY = "libc++";
				CLANG_ENABLE_MODULES = YES;
				CLANG_ENABLE_OBJC_ARC = YES;
				CLANG_ENABLE_OBJC_WEAK = YES;
				CLANG_WARN_BLOCK_CAPTURE_AUTORELEASING = YES;
				CLANG_WARN_BOOL_CONVERSION = YES;
				CLANG_WARN_COMMA = YES;
				CLANG_WARN_CONSTANT_CONVERSION = YES;
				CLANG_WARN_DEPRECATED_OBJC_IMPLEMENTATIONS = YES;
				CLANG_WARN_DIRECT_OBJC_ISA_USAGE = YES_ERROR;
				CLANG_WARN_DOCUMENTATION_COMMENTS = YES;
				CLANG_WARN_EMPTY_BODY = YES;
				CLANG_WARN_ENUM_CONVERSION = YES;
				CLANG_WARN_INFINITE_RECURSION = YES;
				CLANG_WARN_INT_CONVERSION = YES;
				CLANG_WARN_NON_LITERAL_NULL_CONVERSION = YES;
				CLANG_WARN_OBJC_IMPLICIT_RETAIN_SELF = YES;
				CLANG_WARN_OBJC_LITERAL_CONVERSION = YES;
				CLANG_WARN_OBJC_ROOT_CLASS = YES_ERROR;
				CLANG_WARN_QUOTED_INCLUDE_IN_FRAMEWORK_HEADER = YES;
				CLANG_WARN_RANGE_LOOP_ANALYSIS = YES;
				CLANG_WARN_STRICT_PROTOTYPES = YES;
				CLANG_WARN_SUSPICIOUS_MOVE = YES;
				CLANG_WARN_UNGUARDED_AVAILABILITY = YES_AGGRESSIVE;
				CLANG_WARN_UNREACHABLE_CODE = YES;
				CLANG_WARN__DUPLICATE_METHOD_MATCH = YES;
				COPY_PHASE_STRIP = NO;
				DEBUG_INFORMATION_FORMAT = "dwarf-with-dsym";
				ENABLE_NS_ASSERTIONS = NO;
				ENABLE_STRICT_OBJC_MSGSEND = YES;
				GCC_C_LANGUAGE_STANDARD = gnu11;
				GCC_NO_COMMON_BLOCKS = YES;
				GCC_WARN_64_TO_32_BIT_CONVERSION = YES;
				GCC_WARN_ABOUT_RETURN_TYPE = YES_ERROR;
				GCC_WARN_UNDECLARED_SELECTOR = YES;
				GCC_WARN_UNINITIALIZED_AUTOS = YES_AGGRESSIVE;
				GCC_WARN_UNUSED_FUNCTION = YES;
				GCC_WARN_UNUSED_VARIABLE = YES;
				IPHONEOS_DEPLOYMENT_TARGET = 14.0;
				MTL_ENABLE_DEBUG_INFO = NO;
				MTL_FAST_MATH = YES;
				SDKROOT = iphoneos;
				SWIFT_COMPILATION_MODE = wholemodule;
				SWIFT_OPTIMIZATION_LEVEL = "-O";
				VALIDATE_PRODUCT = YES;
			};
			name = Release;
		};
		E4405D8725AF64D6002EF1AB /* Debug */ = {
			isa = XCBuildConfiguration;
			buildSettings = {
				ALWAYS_EMBED_SWIFT_STANDARD_LIBRARIES = YES;
				ASSETCATALOG_COMPILER_APPICON_NAME = AppIcon;
				ASSETCATALOG_COMPILER_GLOBAL_ACCENT_COLOR_NAME = AccentColor;
				CODE_SIGN_ENTITLEMENTS = Ikachan/Ikachan.entitlements;
				CODE_SIGN_STYLE = Automatic;
				CURRENT_PROJECT_VERSION = 16;
				DEVELOPMENT_ASSET_PATHS = "\"Ikachan/Preview Content\"";
				DEVELOPMENT_TEAM = PSXQUH2HR6;
				ENABLE_PREVIEWS = YES;
				INFOPLIST_FILE = Ikachan/Info.plist;
				IPHONEOS_DEPLOYMENT_TARGET = 14.0;
				LD_RUNPATH_SEARCH_PATHS = (
					"$(inherited)",
					"@executable_path/Frameworks",
				);
				MARKETING_VERSION = 0.1.0;
				PRODUCT_BUNDLE_IDENTIFIER = name.sketch.Ikachan;
				PRODUCT_NAME = "$(TARGET_NAME)";
				SWIFT_VERSION = 5.0;
				TARGETED_DEVICE_FAMILY = "1,2";
			};
			name = Debug;
		};
		E4405D8825AF64D6002EF1AB /* Release */ = {
			isa = XCBuildConfiguration;
			buildSettings = {
				ALWAYS_EMBED_SWIFT_STANDARD_LIBRARIES = YES;
				ASSETCATALOG_COMPILER_APPICON_NAME = AppIcon;
				ASSETCATALOG_COMPILER_GLOBAL_ACCENT_COLOR_NAME = AccentColor;
				CODE_SIGN_ENTITLEMENTS = Ikachan/Ikachan.entitlements;
				CODE_SIGN_STYLE = Automatic;
				CURRENT_PROJECT_VERSION = 16;
				DEVELOPMENT_ASSET_PATHS = "\"Ikachan/Preview Content\"";
				DEVELOPMENT_TEAM = PSXQUH2HR6;
				ENABLE_PREVIEWS = YES;
				INFOPLIST_FILE = Ikachan/Info.plist;
				IPHONEOS_DEPLOYMENT_TARGET = 14.0;
				LD_RUNPATH_SEARCH_PATHS = (
					"$(inherited)",
					"@executable_path/Frameworks",
				);
				MARKETING_VERSION = 0.1.0;
				PRODUCT_BUNDLE_IDENTIFIER = name.sketch.Ikachan;
				PRODUCT_NAME = "$(TARGET_NAME)";
				SWIFT_VERSION = 5.0;
				TARGETED_DEVICE_FAMILY = "1,2";
			};
			name = Release;
		};
		E4444EDB25BF14820003A676 /* Debug */ = {
			isa = XCBuildConfiguration;
			buildSettings = {
				ASSETCATALOG_COMPILER_GLOBAL_ACCENT_COLOR_NAME = AccentColor;
				ASSETCATALOG_COMPILER_WIDGET_BACKGROUND_COLOR_NAME = WidgetBackground;
				CODE_SIGN_STYLE = Automatic;
				CURRENT_PROJECT_VERSION = 16;
				DEVELOPMENT_TEAM = PSXQUH2HR6;
				INFOPLIST_FILE = IkachanWidget/Info.plist;
				IPHONEOS_DEPLOYMENT_TARGET = 14.0;
				LD_RUNPATH_SEARCH_PATHS = (
					"$(inherited)",
					"@executable_path/Frameworks",
					"@executable_path/../../Frameworks",
				);
				MARKETING_VERSION = 0.1.0;
				PRODUCT_BUNDLE_IDENTIFIER = name.sketch.Ikachan.IkachanWidget;
				PRODUCT_NAME = "$(TARGET_NAME)";
				SKIP_INSTALL = YES;
				SWIFT_VERSION = 5.0;
				TARGETED_DEVICE_FAMILY = "1,2";
			};
			name = Debug;
		};
		E4444EDC25BF14820003A676 /* Release */ = {
			isa = XCBuildConfiguration;
			buildSettings = {
				ASSETCATALOG_COMPILER_GLOBAL_ACCENT_COLOR_NAME = AccentColor;
				ASSETCATALOG_COMPILER_WIDGET_BACKGROUND_COLOR_NAME = WidgetBackground;
				CODE_SIGN_STYLE = Automatic;
				CURRENT_PROJECT_VERSION = 16;
				DEVELOPMENT_TEAM = PSXQUH2HR6;
				INFOPLIST_FILE = IkachanWidget/Info.plist;
				IPHONEOS_DEPLOYMENT_TARGET = 14.0;
				LD_RUNPATH_SEARCH_PATHS = (
					"$(inherited)",
					"@executable_path/Frameworks",
					"@executable_path/../../Frameworks",
				);
				MARKETING_VERSION = 0.1.0;
				PRODUCT_BUNDLE_IDENTIFIER = name.sketch.Ikachan.IkachanWidget;
				PRODUCT_NAME = "$(TARGET_NAME)";
				SKIP_INSTALL = YES;
				SWIFT_VERSION = 5.0;
				TARGETED_DEVICE_FAMILY = "1,2";
			};
			name = Release;
		};
/* End XCBuildConfiguration section */

/* Begin XCConfigurationList section */
		E43E138325C9A3BA008A0FE6 /* Build configuration list for PBXNativeTarget "IkachanIntentsUI" */ = {
			isa = XCConfigurationList;
			buildConfigurations = (
				E43E138425C9A3BA008A0FE6 /* Debug */,
				E43E138525C9A3BA008A0FE6 /* Release */,
			);
			defaultConfigurationIsVisible = 0;
			defaultConfigurationName = Release;
		};
		E43E138625C9A3BA008A0FE6 /* Build configuration list for PBXNativeTarget "IkachanIntents" */ = {
			isa = XCConfigurationList;
			buildConfigurations = (
				E43E138725C9A3BA008A0FE6 /* Debug */,
				E43E138825C9A3BA008A0FE6 /* Release */,
			);
			defaultConfigurationIsVisible = 0;
			defaultConfigurationName = Release;
		};
		E4405D7225AF64D2002EF1AB /* Build configuration list for PBXProject "Ikachan" */ = {
			isa = XCConfigurationList;
			buildConfigurations = (
				E4405D8425AF64D6002EF1AB /* Debug */,
				E4405D8525AF64D6002EF1AB /* Release */,
			);
			defaultConfigurationIsVisible = 0;
			defaultConfigurationName = Release;
		};
		E4405D8625AF64D6002EF1AB /* Build configuration list for PBXNativeTarget "Ikachan" */ = {
			isa = XCConfigurationList;
			buildConfigurations = (
				E4405D8725AF64D6002EF1AB /* Debug */,
				E4405D8825AF64D6002EF1AB /* Release */,
			);
			defaultConfigurationIsVisible = 0;
			defaultConfigurationName = Release;
		};
		E4444EDD25BF14820003A676 /* Build configuration list for PBXNativeTarget "IkachanWidgetExtension" */ = {
			isa = XCConfigurationList;
			buildConfigurations = (
				E4444EDB25BF14820003A676 /* Debug */,
				E4444EDC25BF14820003A676 /* Release */,
			);
			defaultConfigurationIsVisible = 0;
			defaultConfigurationName = Release;
		};
/* End XCConfigurationList section */

/* Begin XCRemoteSwiftPackageReference section */
		E43CCBB525B0338C001A0FF5 /* XCRemoteSwiftPackageReference "Kingfisher" */ = {
			isa = XCRemoteSwiftPackageReference;
			repositoryURL = "https://github.com/onevcat/Kingfisher.git";
			requirement = {
				kind = upToNextMajorVersion;
				minimumVersion = 6.0.1;
			};
		};
		E477990525B1F62500F8AE9F /* XCRemoteSwiftPackageReference "SwiftyJSON" */ = {
			isa = XCRemoteSwiftPackageReference;
			repositoryURL = "https://github.com/SwiftyJSON/SwiftyJSON.git";
			requirement = {
				kind = upToNextMajorVersion;
				minimumVersion = 5.0.0;
			};
		};
/* End XCRemoteSwiftPackageReference section */

/* Begin XCSwiftPackageProductDependency section */
		E43CCBB625B0338C001A0FF5 /* Kingfisher */ = {
			isa = XCSwiftPackageProductDependency;
			package = E43CCBB525B0338C001A0FF5 /* XCRemoteSwiftPackageReference "Kingfisher" */;
			productName = Kingfisher;
		};
		E4444F3125BF155B0003A676 /* Kingfisher */ = {
			isa = XCSwiftPackageProductDependency;
			package = E43CCBB525B0338C001A0FF5 /* XCRemoteSwiftPackageReference "Kingfisher" */;
			productName = Kingfisher;
		};
		E4444F3325BF155B0003A676 /* SwiftyJSON */ = {
			isa = XCSwiftPackageProductDependency;
			package = E477990525B1F62500F8AE9F /* XCRemoteSwiftPackageReference "SwiftyJSON" */;
			productName = SwiftyJSON;
		};
		E4613F3E25C9AC5500561D53 /* SwiftyJSON */ = {
			isa = XCSwiftPackageProductDependency;
			package = E477990525B1F62500F8AE9F /* XCRemoteSwiftPackageReference "SwiftyJSON" */;
			productName = SwiftyJSON;
		};
		E4613F4425C9AC5E00561D53 /* Kingfisher */ = {
			isa = XCSwiftPackageProductDependency;
			package = E43CCBB525B0338C001A0FF5 /* XCRemoteSwiftPackageReference "Kingfisher" */;
			productName = Kingfisher;
		};
		E477990625B1F62500F8AE9F /* SwiftyJSON */ = {
			isa = XCSwiftPackageProductDependency;
			package = E477990525B1F62500F8AE9F /* XCRemoteSwiftPackageReference "SwiftyJSON" */;
			productName = SwiftyJSON;
		};
/* End XCSwiftPackageProductDependency section */
	};
	rootObject = E4405D6F25AF64D2002EF1AB /* Project object */;
}
