// !$*UTF8*$!
{
	archiveVersion = 1;
	classes = {
	};
	objectVersion = 52;
	objects = {

/* Begin PBXBuildFile section */
		E438EF4225B5E22A005AB9D9 /* ShiftImages.swift in Sources */ = {isa = PBXBuildFile; fileRef = E438EF4125B5E22A005AB9D9 /* ShiftImages.swift */; };
		E438EF4525B5E3F8005AB9D9 /* ShiftsView.swift in Sources */ = {isa = PBXBuildFile; fileRef = E438EF4425B5E3F7005AB9D9 /* ShiftsView.swift */; };
		E438EF4825B5E533005AB9D9 /* ShiftView.swift in Sources */ = {isa = PBXBuildFile; fileRef = E438EF4725B5E533005AB9D9 /* ShiftView.swift */; };
		E438EF5C25B5F939005AB9D9 /* CurrentView.swift in Sources */ = {isa = PBXBuildFile; fileRef = E438EF5B25B5F939005AB9D9 /* CurrentView.swift */; };
		E43CCBB325B015A6001A0FF5 /* XCardView.swift in Sources */ = {isa = PBXBuildFile; fileRef = E43CCBB225B015A6001A0FF5 /* XCardView.swift */; };
		E43CCBB725B0338C001A0FF5 /* Kingfisher in Frameworks */ = {isa = PBXBuildFile; productRef = E43CCBB625B0338C001A0FF5 /* Kingfisher */; };
		E4405D7B25AF64D2002EF1AB /* IkachanApp.swift in Sources */ = {isa = PBXBuildFile; fileRef = E4405D7A25AF64D2002EF1AB /* IkachanApp.swift */; };
		E4405D7D25AF64D2002EF1AB /* ContentView.swift in Sources */ = {isa = PBXBuildFile; fileRef = E4405D7C25AF64D2002EF1AB /* ContentView.swift */; };
		E4405D7F25AF64D6002EF1AB /* Assets.xcassets in Resources */ = {isa = PBXBuildFile; fileRef = E4405D7E25AF64D6002EF1AB /* Assets.xcassets */; };
		E4405D8225AF64D6002EF1AB /* Preview Assets.xcassets in Resources */ = {isa = PBXBuildFile; fileRef = E4405D8125AF64D6002EF1AB /* Preview Assets.xcassets */; };
		E4405D8B25AF64E3002EF1AB /* CardView.swift in Sources */ = {isa = PBXBuildFile; fileRef = E4405D8A25AF64E3002EF1AB /* CardView.swift */; };
		E468B7A325B282F5001254FE /* ModelData.swift in Sources */ = {isa = PBXBuildFile; fileRef = E468B7A225B282F5001254FE /* ModelData.swift */; };
		E468B7AD25B34AFC001254FE /* Constant.swift in Sources */ = {isa = PBXBuildFile; fileRef = E468B7AC25B34AFC001254FE /* Constant.swift */; };
		E468B7B525B46080001254FE /* Date.swift in Sources */ = {isa = PBXBuildFile; fileRef = E468B7B425B46080001254FE /* Date.swift */; };
		E46B506525B8959A001F88CE /* SmallScheduleView.swift in Sources */ = {isa = PBXBuildFile; fileRef = E46B506425B8959A001F88CE /* SmallScheduleView.swift */; };
		E46B506825B9BBA6001F88CE /* MediumScheduleView.swift in Sources */ = {isa = PBXBuildFile; fileRef = E46B506725B9BBA6001F88CE /* MediumScheduleView.swift */; };
		E46B507125B9C2AC001F88CE /* WidgetKit.framework in Frameworks */ = {isa = PBXBuildFile; fileRef = E46B507025B9C2AC001F88CE /* WidgetKit.framework */; };
		E46B507325B9C2AC001F88CE /* SwiftUI.framework in Frameworks */ = {isa = PBXBuildFile; fileRef = E46B507225B9C2AC001F88CE /* SwiftUI.framework */; };
		E46B507625B9C2AC001F88CE /* ScheduleWidget.swift in Sources */ = {isa = PBXBuildFile; fileRef = E46B507525B9C2AC001F88CE /* ScheduleWidget.swift */; };
		E46B507925B9C2B1001F88CE /* Assets.xcassets in Resources */ = {isa = PBXBuildFile; fileRef = E46B507825B9C2B1001F88CE /* Assets.xcassets */; };
		E46B507F25B9C2B1001F88CE /* ScheduleWidgetExtension.appex in Embed App Extensions */ = {isa = PBXBuildFile; fileRef = E46B506E25B9C2AC001F88CE /* ScheduleWidgetExtension.appex */; settings = {ATTRIBUTES = (RemoveHeadersOnCopy, ); }; };
		E46B508625B9C2E4001F88CE /* Constant.swift in Sources */ = {isa = PBXBuildFile; fileRef = E468B7AC25B34AFC001254FE /* Constant.swift */; };
		E46B508725B9C2E4001F88CE /* Schedule.swift in Sources */ = {isa = PBXBuildFile; fileRef = E477990125B1F1F600F8AE9F /* Schedule.swift */; };
		E46B508825B9C2E4001F88CE /* SmallScheduleView.swift in Sources */ = {isa = PBXBuildFile; fileRef = E46B506425B8959A001F88CE /* SmallScheduleView.swift */; };
		E46B508925B9C2E4001F88CE /* Date.swift in Sources */ = {isa = PBXBuildFile; fileRef = E468B7B425B46080001254FE /* Date.swift */; };
		E46B508A25B9C2E4001F88CE /* ModelData.swift in Sources */ = {isa = PBXBuildFile; fileRef = E468B7A225B282F5001254FE /* ModelData.swift */; };
		E46B508B25B9C2E4001F88CE /* MediumScheduleView.swift in Sources */ = {isa = PBXBuildFile; fileRef = E46B506725B9BBA6001F88CE /* MediumScheduleView.swift */; };
		E46B508E25B9C37B001F88CE /* Weapon.swift in Sources */ = {isa = PBXBuildFile; fileRef = E477990C25B203F900F8AE9F /* Weapon.swift */; };
		E46B508F25B9C37B001F88CE /* Shift.swift in Sources */ = {isa = PBXBuildFile; fileRef = E477990925B2029C00F8AE9F /* Shift.swift */; };
		E46B509225B9C387001F88CE /* Localizable.strings in Resources */ = {isa = PBXBuildFile; fileRef = E4C7A2C225B7395500E26B20 /* Localizable.strings */; };
		E46B509625B9C42D001F88CE /* SwiftyJSON in Frameworks */ = {isa = PBXBuildFile; productRef = E46B509525B9C42D001F88CE /* SwiftyJSON */; };
		E46B509825B9C431001F88CE /* Kingfisher in Frameworks */ = {isa = PBXBuildFile; productRef = E46B509725B9C431001F88CE /* Kingfisher */; };
		E46B50A025B9C4A6001F88CE /* Preview Assets.xcassets in Resources */ = {isa = PBXBuildFile; fileRef = E4405D8125AF64D6002EF1AB /* Preview Assets.xcassets */; };
		E46B50E025B9F5D7001F88CE /* ScheduleWidget.intentdefinition in Sources */ = {isa = PBXBuildFile; fileRef = E46B50E325B9F5D7001F88CE /* ScheduleWidget.intentdefinition */; };
		E46B50E125B9F5D7001F88CE /* ScheduleWidget.intentdefinition in Sources */ = {isa = PBXBuildFile; fileRef = E46B50E325B9F5D7001F88CE /* ScheduleWidget.intentdefinition */; };
		E46B510325BB1E3E001F88CE /* AboutModalView.swift in Sources */ = {isa = PBXBuildFile; fileRef = E46B510225BB1E3E001F88CE /* AboutModalView.swift */; };
		E46B512C25BB30C7001F88CE /* LICENSE.SwiftyJSON.md in Resources */ = {isa = PBXBuildFile; fileRef = E46B512A25BB30C7001F88CE /* LICENSE.SwiftyJSON.md */; };
		E46B512D25BB30C7001F88CE /* LICENSE.Kingfisher.md in Resources */ = {isa = PBXBuildFile; fileRef = E46B512B25BB30C7001F88CE /* LICENSE.Kingfisher.md */; };
		E46B513325BB341D001F88CE /* URL.swift in Sources */ = {isa = PBXBuildFile; fileRef = E46B513225BB341D001F88CE /* URL.swift */; };
		E46B513625BB3422001F88CE /* URL.swift in Sources */ = {isa = PBXBuildFile; fileRef = E46B513225BB341D001F88CE /* URL.swift */; };
		E46B514925BB46C5001F88CE /* InfoPlist.strings in Resources */ = {isa = PBXBuildFile; fileRef = E46B514C25BB46C5001F88CE /* InfoPlist.strings */; };
		E46B515B25BB4724001F88CE /* InfoPlist.strings in Resources */ = {isa = PBXBuildFile; fileRef = E46B514C25BB46C5001F88CE /* InfoPlist.strings */; };
		E4703BC725B8722E0093781B /* Impact.swift in Sources */ = {isa = PBXBuildFile; fileRef = E4703BC625B8722E0093781B /* Impact.swift */; };
		E477990225B1F1F600F8AE9F /* Schedule.swift in Sources */ = {isa = PBXBuildFile; fileRef = E477990125B1F1F600F8AE9F /* Schedule.swift */; };
		E477990725B1F62500F8AE9F /* SwiftyJSON in Frameworks */ = {isa = PBXBuildFile; productRef = E477990625B1F62500F8AE9F /* SwiftyJSON */; };
		E477990A25B2029C00F8AE9F /* Shift.swift in Sources */ = {isa = PBXBuildFile; fileRef = E477990925B2029C00F8AE9F /* Shift.swift */; };
		E477990D25B203F900F8AE9F /* Weapon.swift in Sources */ = {isa = PBXBuildFile; fileRef = E477990C25B203F900F8AE9F /* Weapon.swift */; };
		E4C7A2C025B7395500E26B20 /* Localizable.strings in Resources */ = {isa = PBXBuildFile; fileRef = E4C7A2C225B7395500E26B20 /* Localizable.strings */; };
		E4E60D8325B5C9280039A6E6 /* ScheduleImages.swift in Sources */ = {isa = PBXBuildFile; fileRef = E4E60D8225B5C9280039A6E6 /* ScheduleImages.swift */; };
		E4E60D8625B5C9DF0039A6E6 /* ScheduleView.swift in Sources */ = {isa = PBXBuildFile; fileRef = E4E60D8525B5C9DF0039A6E6 /* ScheduleView.swift */; };
		E4E60D8925B5CBC80039A6E6 /* SchedulesView.swift in Sources */ = {isa = PBXBuildFile; fileRef = E4E60D8825B5CBC80039A6E6 /* SchedulesView.swift */; };
/* End PBXBuildFile section */

/* Begin PBXContainerItemProxy section */
		E46B507D25B9C2B1001F88CE /* PBXContainerItemProxy */ = {
			isa = PBXContainerItemProxy;
			containerPortal = E4405D6F25AF64D2002EF1AB /* Project object */;
			proxyType = 1;
			remoteGlobalIDString = E46B506D25B9C2AC001F88CE;
			remoteInfo = ScheduleWidgetExtension;
		};
/* End PBXContainerItemProxy section */

/* Begin PBXCopyFilesBuildPhase section */
		E46B508325B9C2B1001F88CE /* Embed App Extensions */ = {
			isa = PBXCopyFilesBuildPhase;
			buildActionMask = 2147483647;
			dstPath = "";
			dstSubfolderSpec = 13;
			files = (
				E46B507F25B9C2B1001F88CE /* ScheduleWidgetExtension.appex in Embed App Extensions */,
			);
			name = "Embed App Extensions";
			runOnlyForDeploymentPostprocessing = 0;
		};
/* End PBXCopyFilesBuildPhase section */

/* Begin PBXFileReference section */
		E438EF4125B5E22A005AB9D9 /* ShiftImages.swift */ = {isa = PBXFileReference; lastKnownFileType = sourcecode.swift; path = ShiftImages.swift; sourceTree = "<group>"; };
		E438EF4425B5E3F7005AB9D9 /* ShiftsView.swift */ = {isa = PBXFileReference; lastKnownFileType = sourcecode.swift; path = ShiftsView.swift; sourceTree = "<group>"; };
		E438EF4725B5E533005AB9D9 /* ShiftView.swift */ = {isa = PBXFileReference; lastKnownFileType = sourcecode.swift; path = ShiftView.swift; sourceTree = "<group>"; };
		E438EF5B25B5F939005AB9D9 /* CurrentView.swift */ = {isa = PBXFileReference; lastKnownFileType = sourcecode.swift; path = CurrentView.swift; sourceTree = "<group>"; };
		E43CCBB225B015A6001A0FF5 /* XCardView.swift */ = {isa = PBXFileReference; lastKnownFileType = sourcecode.swift; path = XCardView.swift; sourceTree = "<group>"; };
		E43D3F5725BBC75600D944A1 /* README.md */ = {isa = PBXFileReference; lastKnownFileType = net.daringfireball.markdown; path = README.md; sourceTree = "<group>"; };
		E43D3F5825BBC7E700D944A1 /* LICENSE */ = {isa = PBXFileReference; lastKnownFileType = text; path = LICENSE; sourceTree = "<group>"; };
		E4405D7725AF64D2002EF1AB /* Ikachan.app */ = {isa = PBXFileReference; explicitFileType = wrapper.application; includeInIndex = 0; path = Ikachan.app; sourceTree = BUILT_PRODUCTS_DIR; };
		E4405D7A25AF64D2002EF1AB /* IkachanApp.swift */ = {isa = PBXFileReference; lastKnownFileType = sourcecode.swift; path = IkachanApp.swift; sourceTree = "<group>"; };
		E4405D7C25AF64D2002EF1AB /* ContentView.swift */ = {isa = PBXFileReference; lastKnownFileType = sourcecode.swift; path = ContentView.swift; sourceTree = "<group>"; };
		E4405D7E25AF64D6002EF1AB /* Assets.xcassets */ = {isa = PBXFileReference; lastKnownFileType = folder.assetcatalog; path = Assets.xcassets; sourceTree = "<group>"; };
		E4405D8125AF64D6002EF1AB /* Preview Assets.xcassets */ = {isa = PBXFileReference; lastKnownFileType = folder.assetcatalog; path = "Preview Assets.xcassets"; sourceTree = "<group>"; };
		E4405D8325AF64D6002EF1AB /* Info.plist */ = {isa = PBXFileReference; lastKnownFileType = text.plist.xml; path = Info.plist; sourceTree = "<group>"; };
		E4405D8A25AF64E3002EF1AB /* CardView.swift */ = {isa = PBXFileReference; lastKnownFileType = sourcecode.swift; path = CardView.swift; sourceTree = "<group>"; };
		E468B7A225B282F5001254FE /* ModelData.swift */ = {isa = PBXFileReference; lastKnownFileType = sourcecode.swift; path = ModelData.swift; sourceTree = "<group>"; };
		E468B7AC25B34AFC001254FE /* Constant.swift */ = {isa = PBXFileReference; lastKnownFileType = sourcecode.swift; path = Constant.swift; sourceTree = "<group>"; };
		E468B7B425B46080001254FE /* Date.swift */ = {isa = PBXFileReference; lastKnownFileType = sourcecode.swift; path = Date.swift; sourceTree = "<group>"; };
		E46B506425B8959A001F88CE /* SmallScheduleView.swift */ = {isa = PBXFileReference; lastKnownFileType = sourcecode.swift; path = SmallScheduleView.swift; sourceTree = "<group>"; };
		E46B506725B9BBA6001F88CE /* MediumScheduleView.swift */ = {isa = PBXFileReference; lastKnownFileType = sourcecode.swift; path = MediumScheduleView.swift; sourceTree = "<group>"; };
		E46B506E25B9C2AC001F88CE /* ScheduleWidgetExtension.appex */ = {isa = PBXFileReference; explicitFileType = "wrapper.app-extension"; includeInIndex = 0; path = ScheduleWidgetExtension.appex; sourceTree = BUILT_PRODUCTS_DIR; };
		E46B507025B9C2AC001F88CE /* WidgetKit.framework */ = {isa = PBXFileReference; lastKnownFileType = wrapper.framework; name = WidgetKit.framework; path = System/Library/Frameworks/WidgetKit.framework; sourceTree = SDKROOT; };
		E46B507225B9C2AC001F88CE /* SwiftUI.framework */ = {isa = PBXFileReference; lastKnownFileType = wrapper.framework; name = SwiftUI.framework; path = System/Library/Frameworks/SwiftUI.framework; sourceTree = SDKROOT; };
		E46B507525B9C2AC001F88CE /* ScheduleWidget.swift */ = {isa = PBXFileReference; lastKnownFileType = sourcecode.swift; path = ScheduleWidget.swift; sourceTree = "<group>"; };
		E46B507825B9C2B1001F88CE /* Assets.xcassets */ = {isa = PBXFileReference; lastKnownFileType = folder.assetcatalog; path = Assets.xcassets; sourceTree = "<group>"; };
		E46B507A25B9C2B1001F88CE /* Info.plist */ = {isa = PBXFileReference; lastKnownFileType = text.plist.xml; path = Info.plist; sourceTree = "<group>"; };
		E46B50E225B9F5D7001F88CE /* Base */ = {isa = PBXFileReference; lastKnownFileType = file.intentdefinition; name = Base; path = Base.lproj/ScheduleWidget.intentdefinition; sourceTree = "<group>"; };
		E46B50E725B9F5D8001F88CE /* en */ = {isa = PBXFileReference; lastKnownFileType = text.plist.strings; name = en; path = en.lproj/ScheduleWidget.strings; sourceTree = "<group>"; };
		E46B50EB25B9F5D9001F88CE /* zh-Hans */ = {isa = PBXFileReference; lastKnownFileType = text.plist.strings; name = "zh-Hans"; path = "zh-Hans.lproj/ScheduleWidget.strings"; sourceTree = "<group>"; };
		E46B50ED25B9F5DA001F88CE /* ja */ = {isa = PBXFileReference; lastKnownFileType = text.plist.strings; name = ja; path = ja.lproj/ScheduleWidget.strings; sourceTree = "<group>"; };
		E46B510225BB1E3E001F88CE /* AboutModalView.swift */ = {isa = PBXFileReference; lastKnownFileType = sourcecode.swift; path = AboutModalView.swift; sourceTree = "<group>"; };
		E46B512A25BB30C7001F88CE /* LICENSE.SwiftyJSON.md */ = {isa = PBXFileReference; fileEncoding = 4; lastKnownFileType = net.daringfireball.markdown; path = LICENSE.SwiftyJSON.md; sourceTree = "<group>"; };
		E46B512B25BB30C7001F88CE /* LICENSE.Kingfisher.md */ = {isa = PBXFileReference; fileEncoding = 4; lastKnownFileType = net.daringfireball.markdown; path = LICENSE.Kingfisher.md; sourceTree = "<group>"; };
		E46B513225BB341D001F88CE /* URL.swift */ = {isa = PBXFileReference; lastKnownFileType = sourcecode.swift; path = URL.swift; sourceTree = "<group>"; };
		E46B514B25BB46C5001F88CE /* en */ = {isa = PBXFileReference; lastKnownFileType = text.plist.strings; name = en; path = en.lproj/InfoPlist.strings; sourceTree = "<group>"; };
		E46B514F25BB46C7001F88CE /* zh-Hans */ = {isa = PBXFileReference; lastKnownFileType = text.plist.strings; name = "zh-Hans"; path = "zh-Hans.lproj/InfoPlist.strings"; sourceTree = "<group>"; };
		E46B515225BB46C9001F88CE /* ja */ = {isa = PBXFileReference; lastKnownFileType = text.plist.strings; name = ja; path = ja.lproj/InfoPlist.strings; sourceTree = "<group>"; };
		E4703BBE25B747050093781B /* ja */ = {isa = PBXFileReference; lastKnownFileType = text.plist.strings; name = ja; path = ja.lproj/Localizable.strings; sourceTree = "<group>"; };
		E4703BC025B74B3F0093781B /* zh-Hans */ = {isa = PBXFileReference; lastKnownFileType = text.plist.strings; name = "zh-Hans"; path = "zh-Hans.lproj/Localizable.strings"; sourceTree = "<group>"; };
		E4703BC625B8722E0093781B /* Impact.swift */ = {isa = PBXFileReference; lastKnownFileType = sourcecode.swift; path = Impact.swift; sourceTree = "<group>"; };
		E477990125B1F1F600F8AE9F /* Schedule.swift */ = {isa = PBXFileReference; lastKnownFileType = sourcecode.swift; path = Schedule.swift; sourceTree = "<group>"; };
		E477990925B2029C00F8AE9F /* Shift.swift */ = {isa = PBXFileReference; lastKnownFileType = sourcecode.swift; path = Shift.swift; sourceTree = "<group>"; };
		E477990C25B203F900F8AE9F /* Weapon.swift */ = {isa = PBXFileReference; lastKnownFileType = sourcecode.swift; path = Weapon.swift; sourceTree = "<group>"; };
		E4C7A2C125B7395500E26B20 /* en */ = {isa = PBXFileReference; lastKnownFileType = text.plist.strings; name = en; path = en.lproj/Localizable.strings; sourceTree = "<group>"; };
		E4E60D8225B5C9280039A6E6 /* ScheduleImages.swift */ = {isa = PBXFileReference; lastKnownFileType = sourcecode.swift; path = ScheduleImages.swift; sourceTree = "<group>"; };
		E4E60D8525B5C9DF0039A6E6 /* ScheduleView.swift */ = {isa = PBXFileReference; lastKnownFileType = sourcecode.swift; path = ScheduleView.swift; sourceTree = "<group>"; };
		E4E60D8825B5CBC80039A6E6 /* SchedulesView.swift */ = {isa = PBXFileReference; lastKnownFileType = sourcecode.swift; path = SchedulesView.swift; sourceTree = "<group>"; };
/* End PBXFileReference section */

/* Begin PBXFrameworksBuildPhase section */
		E4405D7425AF64D2002EF1AB /* Frameworks */ = {
			isa = PBXFrameworksBuildPhase;
			buildActionMask = 2147483647;
			files = (
				E477990725B1F62500F8AE9F /* SwiftyJSON in Frameworks */,
				E43CCBB725B0338C001A0FF5 /* Kingfisher in Frameworks */,
			);
			runOnlyForDeploymentPostprocessing = 0;
		};
		E46B506B25B9C2AC001F88CE /* Frameworks */ = {
			isa = PBXFrameworksBuildPhase;
			buildActionMask = 2147483647;
			files = (
				E46B509825B9C431001F88CE /* Kingfisher in Frameworks */,
				E46B509625B9C42D001F88CE /* SwiftyJSON in Frameworks */,
				E46B507325B9C2AC001F88CE /* SwiftUI.framework in Frameworks */,
				E46B507125B9C2AC001F88CE /* WidgetKit.framework in Frameworks */,
			);
			runOnlyForDeploymentPostprocessing = 0;
		};
/* End PBXFrameworksBuildPhase section */

/* Begin PBXGroup section */
		E4405D6E25AF64D2002EF1AB = {
			isa = PBXGroup;
			children = (
				E4405D7925AF64D2002EF1AB /* Ikachan */,
				E46B507425B9C2AC001F88CE /* ScheduleWidget */,
				E46B506F25B9C2AC001F88CE /* Frameworks */,
				E4405D7825AF64D2002EF1AB /* Products */,
				E43D3F5725BBC75600D944A1 /* README.md */,
				E43D3F5825BBC7E700D944A1 /* LICENSE */,
				E46B512B25BB30C7001F88CE /* LICENSE.Kingfisher.md */,
				E46B512A25BB30C7001F88CE /* LICENSE.SwiftyJSON.md */,
			);
			sourceTree = "<group>";
		};
		E4405D7825AF64D2002EF1AB /* Products */ = {
			isa = PBXGroup;
			children = (
				E4405D7725AF64D2002EF1AB /* Ikachan.app */,
				E46B506E25B9C2AC001F88CE /* ScheduleWidgetExtension.appex */,
			);
			name = Products;
			sourceTree = "<group>";
		};
		E4405D7925AF64D2002EF1AB /* Ikachan */ = {
			isa = PBXGroup;
			children = (
				E468B7B325B46070001254FE /* Utils */,
				E477990025B1F1E600F8AE9F /* Models */,
				E47798FD25B1EDDA00F8AE9F /* Views */,
				E4405D7A25AF64D2002EF1AB /* IkachanApp.swift */,
				E4405D7E25AF64D6002EF1AB /* Assets.xcassets */,
				E4405D8325AF64D6002EF1AB /* Info.plist */,
				E46B514C25BB46C5001F88CE /* InfoPlist.strings */,
				E4405D8025AF64D6002EF1AB /* Preview Content */,
			);
			path = Ikachan;
			sourceTree = "<group>";
		};
		E4405D8025AF64D6002EF1AB /* Preview Content */ = {
			isa = PBXGroup;
			children = (
				E4405D8125AF64D6002EF1AB /* Preview Assets.xcassets */,
			);
			path = "Preview Content";
			sourceTree = "<group>";
		};
		E468B7AF25B34EB3001254FE /* Components */ = {
			isa = PBXGroup;
			children = (
				E4405D8A25AF64E3002EF1AB /* CardView.swift */,
				E43CCBB225B015A6001A0FF5 /* XCardView.swift */,
				E4E60D8225B5C9280039A6E6 /* ScheduleImages.swift */,
				E4E60D8525B5C9DF0039A6E6 /* ScheduleView.swift */,
				E438EF4125B5E22A005AB9D9 /* ShiftImages.swift */,
				E438EF4725B5E533005AB9D9 /* ShiftView.swift */,
				E46B510225BB1E3E001F88CE /* AboutModalView.swift */,
			);
			path = Components;
			sourceTree = "<group>";
		};
		E468B7B325B46070001254FE /* Utils */ = {
			isa = PBXGroup;
			children = (
				E468B7B425B46080001254FE /* Date.swift */,
				E4703BC625B8722E0093781B /* Impact.swift */,
				E46B513225BB341D001F88CE /* URL.swift */,
			);
			path = Utils;
			sourceTree = "<group>";
		};
		E46B506325B89579001F88CE /* Widgets */ = {
			isa = PBXGroup;
			children = (
				E46B506425B8959A001F88CE /* SmallScheduleView.swift */,
				E46B506725B9BBA6001F88CE /* MediumScheduleView.swift */,
			);
			path = Widgets;
			sourceTree = "<group>";
		};
		E46B506F25B9C2AC001F88CE /* Frameworks */ = {
			isa = PBXGroup;
			children = (
				E46B507025B9C2AC001F88CE /* WidgetKit.framework */,
				E46B507225B9C2AC001F88CE /* SwiftUI.framework */,
			);
			name = Frameworks;
			sourceTree = "<group>";
		};
		E46B507425B9C2AC001F88CE /* ScheduleWidget */ = {
			isa = PBXGroup;
			children = (
				E46B507525B9C2AC001F88CE /* ScheduleWidget.swift */,
				E46B50E325B9F5D7001F88CE /* ScheduleWidget.intentdefinition */,
				E46B507825B9C2B1001F88CE /* Assets.xcassets */,
				E46B507A25B9C2B1001F88CE /* Info.plist */,
			);
			path = ScheduleWidget;
			sourceTree = "<group>";
		};
		E47798FD25B1EDDA00F8AE9F /* Views */ = {
			isa = PBXGroup;
			children = (
				E46B506325B89579001F88CE /* Widgets */,
				E468B7AF25B34EB3001254FE /* Components */,
				E4405D7C25AF64D2002EF1AB /* ContentView.swift */,
				E438EF5B25B5F939005AB9D9 /* CurrentView.swift */,
				E4E60D8825B5CBC80039A6E6 /* SchedulesView.swift */,
				E438EF4425B5E3F7005AB9D9 /* ShiftsView.swift */,
				E4C7A2C225B7395500E26B20 /* Localizable.strings */,
			);
			path = Views;
			sourceTree = "<group>";
		};
		E477990025B1F1E600F8AE9F /* Models */ = {
			isa = PBXGroup;
			children = (
				E468B7AC25B34AFC001254FE /* Constant.swift */,
				E468B7A225B282F5001254FE /* ModelData.swift */,
				E477990125B1F1F600F8AE9F /* Schedule.swift */,
				E477990925B2029C00F8AE9F /* Shift.swift */,
				E477990C25B203F900F8AE9F /* Weapon.swift */,
			);
			path = Models;
			sourceTree = "<group>";
		};
/* End PBXGroup section */

/* Begin PBXNativeTarget section */
		E4405D7625AF64D2002EF1AB /* Ikachan */ = {
			isa = PBXNativeTarget;
			buildConfigurationList = E4405D8625AF64D6002EF1AB /* Build configuration list for PBXNativeTarget "Ikachan" */;
			buildPhases = (
				E4405D7325AF64D2002EF1AB /* Sources */,
				E4405D7425AF64D2002EF1AB /* Frameworks */,
				E4405D7525AF64D2002EF1AB /* Resources */,
				E46B508325B9C2B1001F88CE /* Embed App Extensions */,
			);
			buildRules = (
			);
			dependencies = (
				E46B507E25B9C2B1001F88CE /* PBXTargetDependency */,
			);
			name = Ikachan;
			packageProductDependencies = (
				E43CCBB625B0338C001A0FF5 /* Kingfisher */,
				E477990625B1F62500F8AE9F /* SwiftyJSON */,
			);
			productName = Ikachan;
			productReference = E4405D7725AF64D2002EF1AB /* Ikachan.app */;
			productType = "com.apple.product-type.application";
		};
		E46B506D25B9C2AC001F88CE /* ScheduleWidgetExtension */ = {
			isa = PBXNativeTarget;
			buildConfigurationList = E46B508025B9C2B1001F88CE /* Build configuration list for PBXNativeTarget "ScheduleWidgetExtension" */;
			buildPhases = (
				E46B506A25B9C2AC001F88CE /* Sources */,
				E46B506B25B9C2AC001F88CE /* Frameworks */,
				E46B506C25B9C2AC001F88CE /* Resources */,
			);
			buildRules = (
			);
			dependencies = (
			);
			name = ScheduleWidgetExtension;
			packageProductDependencies = (
				E46B509525B9C42D001F88CE /* SwiftyJSON */,
				E46B509725B9C431001F88CE /* Kingfisher */,
			);
			productName = ScheduleWidgetExtension;
			productReference = E46B506E25B9C2AC001F88CE /* ScheduleWidgetExtension.appex */;
			productType = "com.apple.product-type.app-extension";
		};
/* End PBXNativeTarget section */

/* Begin PBXProject section */
		E4405D6F25AF64D2002EF1AB /* Project object */ = {
			isa = PBXProject;
			attributes = {
				LastSwiftUpdateCheck = 1230;
				LastUpgradeCheck = 1230;
				TargetAttributes = {
					E4405D7625AF64D2002EF1AB = {
						CreatedOnToolsVersion = 12.3;
					};
					E46B506D25B9C2AC001F88CE = {
						CreatedOnToolsVersion = 12.3;
					};
				};
			};
			buildConfigurationList = E4405D7225AF64D2002EF1AB /* Build configuration list for PBXProject "Ikachan" */;
			compatibilityVersion = "Xcode 9.3";
			developmentRegion = en;
			hasScannedForEncodings = 0;
			knownRegions = (
				en,
				Base,
				ja,
				"zh-Hans",
			);
			mainGroup = E4405D6E25AF64D2002EF1AB;
			packageReferences = (
				E43CCBB525B0338C001A0FF5 /* XCRemoteSwiftPackageReference "Kingfisher" */,
				E477990525B1F62500F8AE9F /* XCRemoteSwiftPackageReference "SwiftyJSON" */,
			);
			productRefGroup = E4405D7825AF64D2002EF1AB /* Products */;
			projectDirPath = "";
			projectRoot = "";
			targets = (
				E4405D7625AF64D2002EF1AB /* Ikachan */,
				E46B506D25B9C2AC001F88CE /* ScheduleWidgetExtension */,
			);
		};
/* End PBXProject section */

/* Begin PBXResourcesBuildPhase section */
		E4405D7525AF64D2002EF1AB /* Resources */ = {
			isa = PBXResourcesBuildPhase;
			buildActionMask = 2147483647;
			files = (
				E4405D8225AF64D6002EF1AB /* Preview Assets.xcassets in Resources */,
				E46B514925BB46C5001F88CE /* InfoPlist.strings in Resources */,
				E46B512D25BB30C7001F88CE /* LICENSE.Kingfisher.md in Resources */,
				E46B512C25BB30C7001F88CE /* LICENSE.SwiftyJSON.md in Resources */,
				E4C7A2C025B7395500E26B20 /* Localizable.strings in Resources */,
				E4405D7F25AF64D6002EF1AB /* Assets.xcassets in Resources */,
			);
			runOnlyForDeploymentPostprocessing = 0;
		};
		E46B506C25B9C2AC001F88CE /* Resources */ = {
			isa = PBXResourcesBuildPhase;
			buildActionMask = 2147483647;
			files = (
				E46B507925B9C2B1001F88CE /* Assets.xcassets in Resources */,
				E46B515B25BB4724001F88CE /* InfoPlist.strings in Resources */,
				E46B50A025B9C4A6001F88CE /* Preview Assets.xcassets in Resources */,
				E46B509225B9C387001F88CE /* Localizable.strings in Resources */,
			);
			runOnlyForDeploymentPostprocessing = 0;
		};
/* End PBXResourcesBuildPhase section */

/* Begin PBXSourcesBuildPhase section */
		E4405D7325AF64D2002EF1AB /* Sources */ = {
			isa = PBXSourcesBuildPhase;
			buildActionMask = 2147483647;
			files = (
				E438EF4225B5E22A005AB9D9 /* ShiftImages.swift in Sources */,
				E438EF4525B5E3F8005AB9D9 /* ShiftsView.swift in Sources */,
				E4405D7D25AF64D2002EF1AB /* ContentView.swift in Sources */,
				E438EF4825B5E533005AB9D9 /* ShiftView.swift in Sources */,
				E46B510325BB1E3E001F88CE /* AboutModalView.swift in Sources */,
				E4405D8B25AF64E3002EF1AB /* CardView.swift in Sources */,
				E4405D7B25AF64D2002EF1AB /* IkachanApp.swift in Sources */,
				E477990D25B203F900F8AE9F /* Weapon.swift in Sources */,
				E477990225B1F1F600F8AE9F /* Schedule.swift in Sources */,
				E46B506525B8959A001F88CE /* SmallScheduleView.swift in Sources */,
				E46B513325BB341D001F88CE /* URL.swift in Sources */,
				E4E60D8625B5C9DF0039A6E6 /* ScheduleView.swift in Sources */,
				E4703BC725B8722E0093781B /* Impact.swift in Sources */,
				E468B7A325B282F5001254FE /* ModelData.swift in Sources */,
				E4E60D8925B5CBC80039A6E6 /* SchedulesView.swift in Sources */,
				E468B7AD25B34AFC001254FE /* Constant.swift in Sources */,
				E46B50E025B9F5D7001F88CE /* ScheduleWidget.intentdefinition in Sources */,
				E468B7B525B46080001254FE /* Date.swift in Sources */,
				E4E60D8325B5C9280039A6E6 /* ScheduleImages.swift in Sources */,
				E46B506825B9BBA6001F88CE /* MediumScheduleView.swift in Sources */,
				E438EF5C25B5F939005AB9D9 /* CurrentView.swift in Sources */,
				E477990A25B2029C00F8AE9F /* Shift.swift in Sources */,
				E43CCBB325B015A6001A0FF5 /* XCardView.swift in Sources */,
			);
			runOnlyForDeploymentPostprocessing = 0;
		};
		E46B506A25B9C2AC001F88CE /* Sources */ = {
			isa = PBXSourcesBuildPhase;
			buildActionMask = 2147483647;
			files = (
				E46B507625B9C2AC001F88CE /* ScheduleWidget.swift in Sources */,
				E46B508925B9C2E4001F88CE /* Date.swift in Sources */,
				E46B50E125B9F5D7001F88CE /* ScheduleWidget.intentdefinition in Sources */,
				E46B513625BB3422001F88CE /* URL.swift in Sources */,
				E46B508725B9C2E4001F88CE /* Schedule.swift in Sources */,
				E46B508F25B9C37B001F88CE /* Shift.swift in Sources */,
				E46B508B25B9C2E4001F88CE /* MediumScheduleView.swift in Sources */,
				E46B508825B9C2E4001F88CE /* SmallScheduleView.swift in Sources */,
				E46B508625B9C2E4001F88CE /* Constant.swift in Sources */,
				E46B508A25B9C2E4001F88CE /* ModelData.swift in Sources */,
				E46B508E25B9C37B001F88CE /* Weapon.swift in Sources */,
			);
			runOnlyForDeploymentPostprocessing = 0;
		};
/* End PBXSourcesBuildPhase section */

/* Begin PBXTargetDependency section */
		E46B507E25B9C2B1001F88CE /* PBXTargetDependency */ = {
			isa = PBXTargetDependency;
			target = E46B506D25B9C2AC001F88CE /* ScheduleWidgetExtension */;
			targetProxy = E46B507D25B9C2B1001F88CE /* PBXContainerItemProxy */;
		};
/* End PBXTargetDependency section */

/* Begin PBXVariantGroup section */
		E46B50E325B9F5D7001F88CE /* ScheduleWidget.intentdefinition */ = {
			isa = PBXVariantGroup;
			children = (
				E46B50E225B9F5D7001F88CE /* Base */,
				E46B50E725B9F5D8001F88CE /* en */,
				E46B50EB25B9F5D9001F88CE /* zh-Hans */,
				E46B50ED25B9F5DA001F88CE /* ja */,
			);
			name = ScheduleWidget.intentdefinition;
			sourceTree = "<group>";
		};
		E46B514C25BB46C5001F88CE /* InfoPlist.strings */ = {
			isa = PBXVariantGroup;
			children = (
				E46B514B25BB46C5001F88CE /* en */,
				E46B514F25BB46C7001F88CE /* zh-Hans */,
				E46B515225BB46C9001F88CE /* ja */,
			);
			name = InfoPlist.strings;
			sourceTree = "<group>";
		};
		E4C7A2C225B7395500E26B20 /* Localizable.strings */ = {
			isa = PBXVariantGroup;
			children = (
				E4C7A2C125B7395500E26B20 /* en */,
				E4703BBE25B747050093781B /* ja */,
				E4703BC025B74B3F0093781B /* zh-Hans */,
			);
			name = Localizable.strings;
			sourceTree = "<group>";
		};
/* End PBXVariantGroup section */

/* Begin XCBuildConfiguration section */
		E4405D8425AF64D6002EF1AB /* Debug */ = {
			isa = XCBuildConfiguration;
			buildSettings = {
				ALWAYS_SEARCH_USER_PATHS = NO;
				CLANG_ANALYZER_LOCALIZABILITY_NONLOCALIZED = YES;
				CLANG_ANALYZER_NONNULL = YES;
				CLANG_ANALYZER_NUMBER_OBJECT_CONVERSION = YES_AGGRESSIVE;
				CLANG_CXX_LANGUAGE_STANDARD = "gnu++14";
				CLANG_CXX_LIBRARY = "libc++";
				CLANG_ENABLE_MODULES = YES;
				CLANG_ENABLE_OBJC_ARC = YES;
				CLANG_ENABLE_OBJC_WEAK = YES;
				CLANG_WARN_BLOCK_CAPTURE_AUTORELEASING = YES;
				CLANG_WARN_BOOL_CONVERSION = YES;
				CLANG_WARN_COMMA = YES;
				CLANG_WARN_CONSTANT_CONVERSION = YES;
				CLANG_WARN_DEPRECATED_OBJC_IMPLEMENTATIONS = YES;
				CLANG_WARN_DIRECT_OBJC_ISA_USAGE = YES_ERROR;
				CLANG_WARN_DOCUMENTATION_COMMENTS = YES;
				CLANG_WARN_EMPTY_BODY = YES;
				CLANG_WARN_ENUM_CONVERSION = YES;
				CLANG_WARN_INFINITE_RECURSION = YES;
				CLANG_WARN_INT_CONVERSION = YES;
				CLANG_WARN_NON_LITERAL_NULL_CONVERSION = YES;
				CLANG_WARN_OBJC_IMPLICIT_RETAIN_SELF = YES;
				CLANG_WARN_OBJC_LITERAL_CONVERSION = YES;
				CLANG_WARN_OBJC_ROOT_CLASS = YES_ERROR;
				CLANG_WARN_QUOTED_INCLUDE_IN_FRAMEWORK_HEADER = YES;
				CLANG_WARN_RANGE_LOOP_ANALYSIS = YES;
				CLANG_WARN_STRICT_PROTOTYPES = YES;
				CLANG_WARN_SUSPICIOUS_MOVE = YES;
				CLANG_WARN_UNGUARDED_AVAILABILITY = YES_AGGRESSIVE;
				CLANG_WARN_UNREACHABLE_CODE = YES;
				CLANG_WARN__DUPLICATE_METHOD_MATCH = YES;
				COPY_PHASE_STRIP = NO;
				DEBUG_INFORMATION_FORMAT = dwarf;
				ENABLE_STRICT_OBJC_MSGSEND = YES;
				ENABLE_TESTABILITY = YES;
				GCC_C_LANGUAGE_STANDARD = gnu11;
				GCC_DYNAMIC_NO_PIC = NO;
				GCC_NO_COMMON_BLOCKS = YES;
				GCC_OPTIMIZATION_LEVEL = 0;
				GCC_PREPROCESSOR_DEFINITIONS = (
					"DEBUG=1",
					"$(inherited)",
				);
				GCC_WARN_64_TO_32_BIT_CONVERSION = YES;
				GCC_WARN_ABOUT_RETURN_TYPE = YES_ERROR;
				GCC_WARN_UNDECLARED_SELECTOR = YES;
				GCC_WARN_UNINITIALIZED_AUTOS = YES_AGGRESSIVE;
				GCC_WARN_UNUSED_FUNCTION = YES;
				GCC_WARN_UNUSED_VARIABLE = YES;
				IPHONEOS_DEPLOYMENT_TARGET = 14.3;
				MTL_ENABLE_DEBUG_INFO = INCLUDE_SOURCE;
				MTL_FAST_MATH = YES;
				ONLY_ACTIVE_ARCH = YES;
				SDKROOT = iphoneos;
				SWIFT_ACTIVE_COMPILATION_CONDITIONS = DEBUG;
				SWIFT_OPTIMIZATION_LEVEL = "-Onone";
			};
			name = Debug;
		};
		E4405D8525AF64D6002EF1AB /* Release */ = {
			isa = XCBuildConfiguration;
			buildSettings = {
				ALWAYS_SEARCH_USER_PATHS = NO;
				CLANG_ANALYZER_LOCALIZABILITY_NONLOCALIZED = YES;
				CLANG_ANALYZER_NONNULL = YES;
				CLANG_ANALYZER_NUMBER_OBJECT_CONVERSION = YES_AGGRESSIVE;
				CLANG_CXX_LANGUAGE_STANDARD = "gnu++14";
				CLANG_CXX_LIBRARY = "libc++";
				CLANG_ENABLE_MODULES = YES;
				CLANG_ENABLE_OBJC_ARC = YES;
				CLANG_ENABLE_OBJC_WEAK = YES;
				CLANG_WARN_BLOCK_CAPTURE_AUTORELEASING = YES;
				CLANG_WARN_BOOL_CONVERSION = YES;
				CLANG_WARN_COMMA = YES;
				CLANG_WARN_CONSTANT_CONVERSION = YES;
				CLANG_WARN_DEPRECATED_OBJC_IMPLEMENTATIONS = YES;
				CLANG_WARN_DIRECT_OBJC_ISA_USAGE = YES_ERROR;
				CLANG_WARN_DOCUMENTATION_COMMENTS = YES;
				CLANG_WARN_EMPTY_BODY = YES;
				CLANG_WARN_ENUM_CONVERSION = YES;
				CLANG_WARN_INFINITE_RECURSION = YES;
				CLANG_WARN_INT_CONVERSION = YES;
				CLANG_WARN_NON_LITERAL_NULL_CONVERSION = YES;
				CLANG_WARN_OBJC_IMPLICIT_RETAIN_SELF = YES;
				CLANG_WARN_OBJC_LITERAL_CONVERSION = YES;
				CLANG_WARN_OBJC_ROOT_CLASS = YES_ERROR;
				CLANG_WARN_QUOTED_INCLUDE_IN_FRAMEWORK_HEADER = YES;
				CLANG_WARN_RANGE_LOOP_ANALYSIS = YES;
				CLANG_WARN_STRICT_PROTOTYPES = YES;
				CLANG_WARN_SUSPICIOUS_MOVE = YES;
				CLANG_WARN_UNGUARDED_AVAILABILITY = YES_AGGRESSIVE;
				CLANG_WARN_UNREACHABLE_CODE = YES;
				CLANG_WARN__DUPLICATE_METHOD_MATCH = YES;
				COPY_PHASE_STRIP = NO;
				DEBUG_INFORMATION_FORMAT = "dwarf-with-dsym";
				ENABLE_NS_ASSERTIONS = NO;
				ENABLE_STRICT_OBJC_MSGSEND = YES;
				GCC_C_LANGUAGE_STANDARD = gnu11;
				GCC_NO_COMMON_BLOCKS = YES;
				GCC_WARN_64_TO_32_BIT_CONVERSION = YES;
				GCC_WARN_ABOUT_RETURN_TYPE = YES_ERROR;
				GCC_WARN_UNDECLARED_SELECTOR = YES;
				GCC_WARN_UNINITIALIZED_AUTOS = YES_AGGRESSIVE;
				GCC_WARN_UNUSED_FUNCTION = YES;
				GCC_WARN_UNUSED_VARIABLE = YES;
				IPHONEOS_DEPLOYMENT_TARGET = 14.3;
				MTL_ENABLE_DEBUG_INFO = NO;
				MTL_FAST_MATH = YES;
				SDKROOT = iphoneos;
				SWIFT_COMPILATION_MODE = wholemodule;
				SWIFT_OPTIMIZATION_LEVEL = "-O";
				VALIDATE_PRODUCT = YES;
			};
			name = Release;
		};
		E4405D8725AF64D6002EF1AB /* Debug */ = {
			isa = XCBuildConfiguration;
			buildSettings = {
				ALWAYS_EMBED_SWIFT_STANDARD_LIBRARIES = YES;
				ASSETCATALOG_COMPILER_APPICON_NAME = AppIcon;
				ASSETCATALOG_COMPILER_GLOBAL_ACCENT_COLOR_NAME = AccentColor;
				CODE_SIGN_STYLE = Automatic;
				DEVELOPMENT_ASSET_PATHS = "\"Ikachan/Preview Content\"";
				DEVELOPMENT_TEAM = PSXQUH2HR6;
				ENABLE_PREVIEWS = YES;
				INFOPLIST_FILE = Ikachan/Info.plist;
				IPHONEOS_DEPLOYMENT_TARGET = 14.0;
				LD_RUNPATH_SEARCH_PATHS = (
					"$(inherited)",
					"@executable_path/Frameworks",
				);
				PRODUCT_BUNDLE_IDENTIFIER = name.sketch.Ikachan;
				PRODUCT_NAME = "$(TARGET_NAME)";
				SWIFT_VERSION = 5.0;
				TARGETED_DEVICE_FAMILY = "1,2";
			};
			name = Debug;
		};
		E4405D8825AF64D6002EF1AB /* Release */ = {
			isa = XCBuildConfiguration;
			buildSettings = {
				ALWAYS_EMBED_SWIFT_STANDARD_LIBRARIES = YES;
				ASSETCATALOG_COMPILER_APPICON_NAME = AppIcon;
				ASSETCATALOG_COMPILER_GLOBAL_ACCENT_COLOR_NAME = AccentColor;
				CODE_SIGN_STYLE = Automatic;
				DEVELOPMENT_ASSET_PATHS = "\"Ikachan/Preview Content\"";
				DEVELOPMENT_TEAM = PSXQUH2HR6;
				ENABLE_PREVIEWS = YES;
				INFOPLIST_FILE = Ikachan/Info.plist;
				IPHONEOS_DEPLOYMENT_TARGET = 14.0;
				LD_RUNPATH_SEARCH_PATHS = (
					"$(inherited)",
					"@executable_path/Frameworks",
				);
				PRODUCT_BUNDLE_IDENTIFIER = name.sketch.Ikachan;
				PRODUCT_NAME = "$(TARGET_NAME)";
				SWIFT_VERSION = 5.0;
				TARGETED_DEVICE_FAMILY = "1,2";
			};
			name = Release;
		};
		E46B508125B9C2B1001F88CE /* Debug */ = {
			isa = XCBuildConfiguration;
			buildSettings = {
				ASSETCATALOG_COMPILER_GLOBAL_ACCENT_COLOR_NAME = AccentColor;
				ASSETCATALOG_COMPILER_WIDGET_BACKGROUND_COLOR_NAME = WidgetBackground;
				CODE_SIGN_STYLE = Automatic;
				DEVELOPMENT_TEAM = PSXQUH2HR6;
				INFOPLIST_FILE = ScheduleWidget/Info.plist;
				LD_RUNPATH_SEARCH_PATHS = (
					"$(inherited)",
					"@executable_path/Frameworks",
					"@executable_path/../../Frameworks",
				);
				PRODUCT_BUNDLE_IDENTIFIER = name.sketch.Ikachan.ScheduleWidget;
				PRODUCT_NAME = "$(TARGET_NAME)";
				SKIP_INSTALL = YES;
				SWIFT_VERSION = 5.0;
				TARGETED_DEVICE_FAMILY = "1,2";
			};
			name = Debug;
		};
		E46B508225B9C2B1001F88CE /* Release */ = {
			isa = XCBuildConfiguration;
			buildSettings = {
				ASSETCATALOG_COMPILER_GLOBAL_ACCENT_COLOR_NAME = AccentColor;
				ASSETCATALOG_COMPILER_WIDGET_BACKGROUND_COLOR_NAME = WidgetBackground;
				CODE_SIGN_STYLE = Automatic;
				DEVELOPMENT_TEAM = PSXQUH2HR6;
				INFOPLIST_FILE = ScheduleWidget/Info.plist;
				LD_RUNPATH_SEARCH_PATHS = (
					"$(inherited)",
					"@executable_path/Frameworks",
					"@executable_path/../../Frameworks",
				);
				PRODUCT_BUNDLE_IDENTIFIER = name.sketch.Ikachan.ScheduleWidget;
				PRODUCT_NAME = "$(TARGET_NAME)";
				SKIP_INSTALL = YES;
				SWIFT_VERSION = 5.0;
				TARGETED_DEVICE_FAMILY = "1,2";
			};
			name = Release;
		};
/* End XCBuildConfiguration section */

/* Begin XCConfigurationList section */
		E4405D7225AF64D2002EF1AB /* Build configuration list for PBXProject "Ikachan" */ = {
			isa = XCConfigurationList;
			buildConfigurations = (
				E4405D8425AF64D6002EF1AB /* Debug */,
				E4405D8525AF64D6002EF1AB /* Release */,
			);
			defaultConfigurationIsVisible = 0;
			defaultConfigurationName = Release;
		};
		E4405D8625AF64D6002EF1AB /* Build configuration list for PBXNativeTarget "Ikachan" */ = {
			isa = XCConfigurationList;
			buildConfigurations = (
				E4405D8725AF64D6002EF1AB /* Debug */,
				E4405D8825AF64D6002EF1AB /* Release */,
			);
			defaultConfigurationIsVisible = 0;
			defaultConfigurationName = Release;
		};
		E46B508025B9C2B1001F88CE /* Build configuration list for PBXNativeTarget "ScheduleWidgetExtension" */ = {
			isa = XCConfigurationList;
			buildConfigurations = (
				E46B508125B9C2B1001F88CE /* Debug */,
				E46B508225B9C2B1001F88CE /* Release */,
			);
			defaultConfigurationIsVisible = 0;
			defaultConfigurationName = Release;
		};
/* End XCConfigurationList section */

/* Begin XCRemoteSwiftPackageReference section */
		E43CCBB525B0338C001A0FF5 /* XCRemoteSwiftPackageReference "Kingfisher" */ = {
			isa = XCRemoteSwiftPackageReference;
			repositoryURL = "https://github.com/onevcat/Kingfisher.git";
			requirement = {
				kind = upToNextMajorVersion;
				minimumVersion = 6.0.1;
			};
		};
		E477990525B1F62500F8AE9F /* XCRemoteSwiftPackageReference "SwiftyJSON" */ = {
			isa = XCRemoteSwiftPackageReference;
			repositoryURL = "https://github.com/SwiftyJSON/SwiftyJSON.git";
			requirement = {
				kind = upToNextMajorVersion;
				minimumVersion = 5.0.0;
			};
		};
/* End XCRemoteSwiftPackageReference section */

/* Begin XCSwiftPackageProductDependency section */
		E43CCBB625B0338C001A0FF5 /* Kingfisher */ = {
			isa = XCSwiftPackageProductDependency;
			package = E43CCBB525B0338C001A0FF5 /* XCRemoteSwiftPackageReference "Kingfisher" */;
			productName = Kingfisher;
		};
		E46B509525B9C42D001F88CE /* SwiftyJSON */ = {
			isa = XCSwiftPackageProductDependency;
			package = E477990525B1F62500F8AE9F /* XCRemoteSwiftPackageReference "SwiftyJSON" */;
			productName = SwiftyJSON;
		};
		E46B509725B9C431001F88CE /* Kingfisher */ = {
			isa = XCSwiftPackageProductDependency;
			package = E43CCBB525B0338C001A0FF5 /* XCRemoteSwiftPackageReference "Kingfisher" */;
			productName = Kingfisher;
		};
		E477990625B1F62500F8AE9F /* SwiftyJSON */ = {
			isa = XCSwiftPackageProductDependency;
			package = E477990525B1F62500F8AE9F /* XCRemoteSwiftPackageReference "SwiftyJSON" */;
			productName = SwiftyJSON;
		};
/* End XCSwiftPackageProductDependency section */
	};
	rootObject = E4405D6F25AF64D2002EF1AB /* Project object */;
}
